
Microsoft Visual Studio Solution File, Format Version 12.00
# Visual Studio 2013
VisualStudioVersion = 12.0.21005.1
MinimumVisualStudioVersion = 10.0.40219.1
Project("{FAE04EC0-301F-11D3-BF4B-00C04F79EFBC}") = "Contracts", "Contracts\Contracts.csproj", "{38249E27-3A07-4BDD-9F61-722BF85B6F2E}"
EndProject
Project("{FAE04EC0-301F-11D3-BF4B-00C04F79EFBC}") = "Services", "Services\Services.csproj", "{C7BD71C8-AA2E-4903-B4B4-A94EC5865CA3}"
EndProject
Project("{FAE04EC0-301F-11D3-BF4B-00C04F79EFBC}") = "Hosting", "Hosting\Hosting.csproj", "{C5D734D7-77DE-4B28-A695-8B903CABC724}"
EndProject
Project("{FAE04EC0-301F-11D3-BF4B-00C04F79EFBC}") = "Client", "Client\Client.csproj", "{9A43D7D4-B733-4312-8438-AA389E43A7E0}"
EndProject
Project("{E24C65DC-7377-472B-9ABA-BC803B73C61A}") = "WCFService", "http://localhost:49804", "{B91CB5FC-E972-4223-8E1E-E9D6B8651766}"
	ProjectSection(WebsiteProperties) = preProject
		UseIISExpress = "true"
		TargetFrameworkMoniker = ".NETFramework,Version%3Dv4.5"
		ProjectReferences = "{c7bd71c8-aa2e-4903-b4b4-a94ec5865ca3}|Services.dll;{38249E27-3A07-4BDD-9F61-722BF85B6F2E}|Contracts.dll;"
		Debug.AspNetCompiler.VirtualPath = "/localhost_49804"
		Debug.AspNetCompiler.PhysicalPath = "WCFService\"
		Debug.AspNetCompiler.TargetPath = "PrecompiledWeb\localhost_49804\"
		Debug.AspNetCompiler.Updateable = "true"
		Debug.AspNetCompiler.ForceOverwrite = "true"
		Debug.AspNetCompiler.FixedNames = "false"
		Debug.AspNetCompiler.Debug = "True"
		Release.AspNetCompiler.VirtualPath = "/localhost_49804"
		Release.AspNetCompiler.PhysicalPath = "WCFService\"
		Release.AspNetCompiler.TargetPath = "PrecompiledWeb\localhost_49804\"
		Release.AspNetCompiler.Updateable = "true"
		Release.AspNetCompiler.ForceOverwrite = "true"
		Release.AspNetCompiler.FixedNames = "false"
		Release.AspNetCompiler.Debug = "False"
		SlnRelativePath = "WCFService\"
		DefaultWebSiteLanguage = "Visual C#"
	EndProjectSection
EndProject
Project("{FAE04EC0-301F-11D3-BF4B-00C04F79EFBC}") = "WCFSerialization", "WCFSerialization\WCFSerialization.csproj", "{CAAB69F1-CA1D-44E2-9923-EF31918BDA12}"
EndProject
Project("{FAE04EC0-301F-11D3-BF4B-00C04F79EFBC}") = "OverloadableContract.Client", "OverloadableContract.Client\OverloadableContract.Client.csproj", "{7D43B08E-F4DB-4DB1-9D21-3A85917B7B43}"
EndProject
Project("{FAE04EC0-301F-11D3-BF4B-00C04F79EFBC}") = "OverloadableContract.Hosting", "OverloadableContract.Hosting\OverloadableContract.Hosting.csproj", "{FDEA8A9E-D3A3-4404-895D-30B549D19295}"
EndProject
Project("{FAE04EC0-301F-11D3-BF4B-00C04F79EFBC}") = "OverloadableContract.Service", "OverloadableContract.Service\OverloadableContract.Service.csproj", "{3DF81CA6-890B-49EE-9E48-DAB2CB04B531}"
EndProject
Project("{FAE04EC0-301F-11D3-BF4B-00C04F79EFBC}") = "InheritanceHierarchy.BusinessEntity", "InheritanceHierarchy.BusinessEntity\InheritanceHierarchy.BusinessEntity.csproj", "{DD4ABBE6-092A-4828-B50E-1EEEB69152CA}"
EndProject
Project("{FAE04EC0-301F-11D3-BF4B-00C04F79EFBC}") = "InheritanceHierarchy.Client", "InheritanceHierarchy.Client\InheritanceHierarchy.Client.csproj", "{547FF752-01C8-407D-AF1F-4A3A53A192B6}"
	ProjectSection(ProjectDependencies) = postProject
		{919CF6C3-0660-433F-9A56-BDDBDDC07410} = {919CF6C3-0660-433F-9A56-BDDBDDC07410}
	EndProjectSection
EndProject
Project("{FAE04EC0-301F-11D3-BF4B-00C04F79EFBC}") = "InheritanceHierarchy.Service", "InheritanceHierarchy.Service\InheritanceHierarchy.Service.csproj", "{84012553-8688-4F4E-9848-A7BC742C1FEC}"
EndProject
Project("{E24C65DC-7377-472B-9ABA-BC803B73C61A}") = "InheritanceHierarchy", "http://localhost:10791", "{919CF6C3-0660-433F-9A56-BDDBDDC07410}"
	ProjectSection(WebsiteProperties) = preProject
		UseIISExpress = "true"
		TargetFrameworkMoniker = ".NETFramework,Version%3Dv4.5"
		ProjectReferences = "{84012553-8688-4f4e-9848-a7bc742c1fec}|InheritanceHierarchy.Service.dll;{DD4ABBE6-092A-4828-B50E-1EEEB69152CA}|InheritanceHierarchy.BusinessEntity.dll;"
		Debug.AspNetCompiler.VirtualPath = "/localhost_10791"
		Debug.AspNetCompiler.PhysicalPath = "InheritanceHierarchy\"
		Debug.AspNetCompiler.TargetPath = "PrecompiledWeb\localhost_10791\"
		Debug.AspNetCompiler.Updateable = "true"
		Debug.AspNetCompiler.ForceOverwrite = "true"
		Debug.AspNetCompiler.FixedNames = "false"
		Debug.AspNetCompiler.Debug = "True"
		Release.AspNetCompiler.VirtualPath = "/localhost_10791"
		Release.AspNetCompiler.PhysicalPath = "InheritanceHierarchy\"
		Release.AspNetCompiler.TargetPath = "PrecompiledWeb\localhost_10791\"
		Release.AspNetCompiler.Updateable = "true"
		Release.AspNetCompiler.ForceOverwrite = "true"
		Release.AspNetCompiler.FixedNames = "false"
		Release.AspNetCompiler.Debug = "False"
		SlnRelativePath = "InheritanceHierarchy\"
		DefaultWebSiteLanguage = "Visual C#"
	EndProjectSection
EndProject
Project("{FAE04EC0-301F-11D3-BF4B-00C04F79EFBC}") = "SessionfulCalculator.Client", "SessionfulCalculator.Client\SessionfulCalculator.Client.csproj", "{1D1190AF-8806-44E3-A0B0-D1A2B327A59E}"
EndProject
Project("{FAE04EC0-301F-11D3-BF4B-00C04F79EFBC}") = "SessionfulCalculator.Contract", "SessionfulCalculator.Contract\SessionfulCalculator.Contract.csproj", "{8B1BC842-1635-4DA3-9F0F-09E0072ABFB1}"
EndProject
Project("{FAE04EC0-301F-11D3-BF4B-00C04F79EFBC}") = "SessionfulCalculator.Hosting", "SessionfulCalculator.Hosting\SessionfulCalculator.Hosting.csproj", "{A6EC6674-BD98-4FBF-ACFD-BE084F27FD09}"
EndProject
Project("{FAE04EC0-301F-11D3-BF4B-00C04F79EFBC}") = "SessionfulCalculator.Service", "SessionfulCalculator.Service\SessionfulCalculator.Service.csproj", "{03825214-6B80-487C-BBD7-A27BB3A4BC91}"
EndProject
Project("{2150E333-8FDC-42A3-9474-1A3956D46DE8}") = "ExceptionHandling", "ExceptionHandling", "{FC0FE182-E200-4B41-B565-59DA7F311908}"
EndProject
Project("{FAE04EC0-301F-11D3-BF4B-00C04F79EFBC}") = "ExceptionHandling.Client", "ExceptionHanding.Client\ExceptionHandling.Client.csproj", "{8950C880-C579-4CD5-B535-F7D254E440B9}"
EndProject
Project("{FAE04EC0-301F-11D3-BF4B-00C04F79EFBC}") = "ExceptionHandling.Contract", "ExceptionHanding.Contract\ExceptionHandling.Contract.csproj", "{7B077B16-0589-4CE7-836E-BD93F5CF21D1}"
EndProject
Project("{FAE04EC0-301F-11D3-BF4B-00C04F79EFBC}") = "ExceptionHandling.Hosting", "ExceptionHanding.Hosting\ExceptionHandling.Hosting.csproj", "{33EED97B-3FE5-4DBA-AD38-7A8FC40B51A0}"
EndProject
Project("{FAE04EC0-301F-11D3-BF4B-00C04F79EFBC}") = "ExceptionHandling.Service", "ExceptionHanding.Service\ExceptionHandling.Service.csproj", "{BA1B1F7D-59D5-4FF0-A155-BAE34B76EEF9}"
EndProject
Project("{2150E333-8FDC-42A3-9474-1A3956D46DE8}") = "QueuedService", "QueuedService", "{3E024210-B42E-4604-87D1-D5012716A3D7}"
EndProject
Project("{FAE04EC0-301F-11D3-BF4B-00C04F79EFBC}") = "QueuedService.Client", "QueuedService.Client\QueuedService.Client.csproj", "{46C44347-072B-4F0B-A0E3-C005A1D8F7AB}"
EndProject
Project("{FAE04EC0-301F-11D3-BF4B-00C04F79EFBC}") = "QueuedService.Contract", "QueuedService.Contract\QueuedService.Contract.csproj", "{59B85153-78D6-4ED9-B1A7-E59F35CC0399}"
EndProject
Project("{FAE04EC0-301F-11D3-BF4B-00C04F79EFBC}") = "QueuedService.Hosting", "QueuedService.Hosting\QueuedService.Hosting.csproj", "{46A41DEF-4EAE-4714-AE4C-51AB8358F150}"
EndProject
Project("{FAE04EC0-301F-11D3-BF4B-00C04F79EFBC}") = "QueuedService.Service", "QueuedService.Service\QueuedService.Service.csproj", "{87EE2A3F-508F-4CFF-BF92-3A02B3E81207}"
EndProject
Project("{2150E333-8FDC-42A3-9474-1A3956D46DE8}") = "ResponsiveQueuedService", "ResponsiveQueuedService", "{AD5AF577-4681-496B-8119-D746F8B84C47}"
EndProject
Project("{FAE04EC0-301F-11D3-BF4B-00C04F79EFBC}") = "ResponsiveQueuedService.Client", "ResponsiveQueuedService.Client\ResponsiveQueuedService.Client.csproj", "{3FFF547C-2071-4236-A8F2-6A71A766168C}"
EndProject
Project("{FAE04EC0-301F-11D3-BF4B-00C04F79EFBC}") = "ResponsiveQueuedService.Contract", "ResponsiveQueuedService.Contract\ResponsiveQueuedService.Contract.csproj", "{A5BE4ECF-BE9F-4CEB-A52F-B361F5BB4A20}"
EndProject
Project("{FAE04EC0-301F-11D3-BF4B-00C04F79EFBC}") = "ResponsiveQueuedService.Hosting", "ResponsiveQueuedService.Hosting\ResponsiveQueuedService.Hosting.csproj", "{7777A8E2-4A7F-4796-A257-BB74F3A0B732}"
EndProject
Project("{FAE04EC0-301F-11D3-BF4B-00C04F79EFBC}") = "ResponsiveQueuedService.LocalHosting", "ResponsiveQueuedService.LocalHosting\ResponsiveQueuedService.LocalHosting.csproj", "{A79F75CA-8EA7-40BD-B099-F6396E085B1A}"
EndProject
Project("{FAE04EC0-301F-11D3-BF4B-00C04F79EFBC}") = "ResponsiveQueuedService.LocalService", "ResponsiveQueuedService.LocalService\ResponsiveQueuedService.LocalService.csproj", "{D931B599-3CCB-4C81-851A-5DEF7D23E9D9}"
EndProject
Project("{FAE04EC0-301F-11D3-BF4B-00C04F79EFBC}") = "ResponsiveQueuedService.Service", "ResponsiveQueuedService.Service\ResponsiveQueuedService.Service.csproj", "{20C6C001-6C0D-4970-B4B2-3EC9EDC9ED1A}"
EndProject
Project("{2150E333-8FDC-42A3-9474-1A3956D46DE8}") = "MessagingViaBinding", "MessagingViaBinding", "{C491B33D-B375-499A-A90D-498665501A33}"
EndProject
Project("{FAE04EC0-301F-11D3-BF4B-00C04F79EFBC}") = "MessagingViaBinding.Client", "MessagingViaBinding.Client\MessagingViaBinding.Client.csproj", "{6A0B1759-4D28-43D8-BB36-DC68B455C1DF}"
EndProject
Project("{FAE04EC0-301F-11D3-BF4B-00C04F79EFBC}") = "MessagingViaBinding.Server", "MessagingViaBinding.Server\MessagingViaBinding.Server.csproj", "{BF33AB54-8C06-40A4-A0D6-278627BF1522}"
EndProject
Project("{2150E333-8FDC-42A3-9474-1A3956D46DE8}") = "ChannelStackExplore", "ChannelStackExplore", "{6BDD4E92-F9E4-4183-AE98-AD586C3A0DB3}"
EndProject
Project("{FAE04EC0-301F-11D3-BF4B-00C04F79EFBC}") = "ChannelStackExplore", "ChannelStackExplore\ChannelStackExplore.csproj", "{2244EDA3-FD14-4CA6-8126-04A8DD9AE6B0}"
EndProject
Project("{FAE04EC0-301F-11D3-BF4B-00C04F79EFBC}") = "ChannelStackExplore.Server", "ChannelStackExplore.Server\ChannelStackExplore.Server.csproj", "{CBC098BD-B44F-450D-BF5C-D02C8DF071D4}"
EndProject
Project("{FAE04EC0-301F-11D3-BF4B-00C04F79EFBC}") = "ChannelStackExplore.Client", "ChannelStackExplore.Client\ChannelStackExplore.Client.csproj", "{217D0876-0578-4899-BF43-93E524DFADA2}"
EndProject
Project("{2150E333-8FDC-42A3-9474-1A3956D46DE8}") = "CallContextInitializers", "CallContextInitializers", "{AE7B660D-77B9-4FA1-84AA-A363D50187C3}"
EndProject
Project("{FAE04EC0-301F-11D3-BF4B-00C04F79EFBC}") = "Messages.Contract", "Messages.Contract\Messages.Contract.csproj", "{346781FB-024E-4961-85FE-EA62B6E84A7D}"
EndProject
Project("{FAE04EC0-301F-11D3-BF4B-00C04F79EFBC}") = "Messages.Service", "Messages.Service\Messages.Service.csproj", "{388171E2-B52B-411F-A24F-7421E8E80DD7}"
EndProject
Project("{FAE04EC0-301F-11D3-BF4B-00C04F79EFBC}") = "Messages.Hosting", "Messages.Hosting\Messages.Hosting.csproj", "{8D72E809-6DED-4A8D-82C1-2A066023AE5F}"
EndProject
Project("{FAE04EC0-301F-11D3-BF4B-00C04F79EFBC}") = "Messages.Client", "Messages.Client\Messages.Client.csproj", "{6B4C510A-15D1-43FB-BD8C-4F352CAC1433}"
EndProject
Project("{FAE04EC0-301F-11D3-BF4B-00C04F79EFBC}") = "CallContextInitializers", "CallContextInitializers\CallContextInitializers.csproj", "{B41994EF-61D0-4DCB-A1C7-883E3C7B671C}"
EndProject
Project("{2150E333-8FDC-42A3-9474-1A3956D46DE8}") = "ContextPropagation", "ContextPropagation", "{23AB5652-0C84-43E0-BC3D-8D98928C6D98}"
EndProject
Project("{FAE04EC0-301F-11D3-BF4B-00C04F79EFBC}") = "ContextPropagation", "ContextPropagation\ContextPropagation.csproj", "{17033BE8-8B0F-4AE2-91FA-467818F9506E}"
EndProject
Project("{FAE04EC0-301F-11D3-BF4B-00C04F79EFBC}") = "ContextPropagation.Contract", "ContextPropagation.Contract\ContextPropagation.Contract.csproj", "{05FB1EFB-18F7-48D5-A12B-5E356971FE45}"
EndProject
Project("{FAE04EC0-301F-11D3-BF4B-00C04F79EFBC}") = "ContextPropagation.Services", "ContextPropagation.Services\ContextPropagation.Services.csproj", "{17D0D6BC-D319-4290-A4E9-19B4C8184120}"
EndProject
Project("{FAE04EC0-301F-11D3-BF4B-00C04F79EFBC}") = "ContextPropagation.Hosting", "ContextPropagation.Hosting\ContextPropagation.Hosting.csproj", "{51B9BEDC-C268-4157-90B9-9DAFCAACD428}"
EndProject
Project("{FAE04EC0-301F-11D3-BF4B-00C04F79EFBC}") = "ContextPropagation.Client", "ContextPropagation.Client\ContextPropagation.Client.csproj", "{E74B161E-DBF7-416A-9708-25281FA073AE}"
EndProject
Project("{2150E333-8FDC-42A3-9474-1A3956D46DE8}") = "UnityInstanceProvider", "UnityInstanceProvider", "{4791E660-8251-4B13-8490-8915230DD429}"
EndProject
Project("{FAE04EC0-301F-11D3-BF4B-00C04F79EFBC}") = "UnityInstanceProvider.WCFExtensions", "UnityInstanceProvider.WCFExtensions\UnityInstanceProvider.WCFExtensions.csproj", "{DEB2AC73-3B01-4DDA-BE2D-3EE07A238AD0}"
EndProject
Project("{FAE04EC0-301F-11D3-BF4B-00C04F79EFBC}") = "UnityInstanceProvider.Messages.Contract", "UnityInstanceProvider.Messages.Contract\UnityInstanceProvider.Messages.Contract.csproj", "{1CAC909E-282B-4A65-9213-F86D4C7F6EB9}"
EndProject
Project("{FAE04EC0-301F-11D3-BF4B-00C04F79EFBC}") = "UnityInstanceProvider.Messages.Service", "UnityInstanceProvider.Messages.Service\UnityInstanceProvider.Messages.Service.csproj", "{B5467853-50E6-410E-BE01-3EB5C36DB9FC}"
EndProject
Project("{FAE04EC0-301F-11D3-BF4B-00C04F79EFBC}") = "UnityInstanceProvider.Messages.Hosting", "UnityInstanceProvider.Messages.Hosting\UnityInstanceProvider.Messages.Hosting.csproj", "{FD7FE5D7-15C4-401A-8211-CA6AFD3CE106}"
EndProject
Project("{FAE04EC0-301F-11D3-BF4B-00C04F79EFBC}") = "UnityInstanceProvider.Messages.Client", "UnityInstanceProvider.Messages.Client\UnityInstanceProvider.Messages.Client.csproj", "{4B7705AA-46FC-4A73-BF63-D6D93CA2AF59}"
EndProject
Project("{2150E333-8FDC-42A3-9474-1A3956D46DE8}") = "PolicyInjectionInstanceProvider", "PolicyInjectionInstanceProvider", "{8BF27564-4545-4FEC-B250-9ED25F8AF9E8}"
EndProject
Project("{FAE04EC0-301F-11D3-BF4B-00C04F79EFBC}") = "PolicyInjectionInstanceProvider.WCFExtensions", "PolicyInjectionInstanceProvider.WCFExtensions\PolicyInjectionInstanceProvider.WCFExtensions.csproj", "{4B02D463-B842-48B9-9531-E9B853EF5981}"
EndProject
Project("{FAE04EC0-301F-11D3-BF4B-00C04F79EFBC}") = "PolicyInjectionInstanceProvider.TimeService.Contract", "PolicyInjectionInstanceProvider.ITime.Contract\PolicyInjectionInstanceProvider.TimeService.Contract.csproj", "{A3820B01-3B9E-46EC-8415-361B31706B12}"
EndProject
Project("{FAE04EC0-301F-11D3-BF4B-00C04F79EFBC}") = "PolicyInjectionInstanceProvider.TimeService.Service", "PolicyInjectionInstanceProvider.TimeService.Service\PolicyInjectionInstanceProvider.TimeService.Service.csproj", "{A74054BC-56FE-4E8F-90D2-0955B6C92EC4}"
EndProject
Project("{FAE04EC0-301F-11D3-BF4B-00C04F79EFBC}") = "PolicyInjectionInstanceProvider.TimeService.Hosting", "PolicyInjectionInstanceProvider.TimeService.Hosting\PolicyInjectionInstanceProvider.TimeService.Hosting.csproj", "{A511CC31-59C9-4DA2-8D68-FDEE1C8D5994}"
EndProject
Project("{FAE04EC0-301F-11D3-BF4B-00C04F79EFBC}") = "PolicyInjectionInstanceProvider.TimeService.Client", "PolicyInjectionInstanceProvider.TimeService.Client\PolicyInjectionInstanceProvider.TimeService.Client.csproj", "{AD05F159-3B48-48B2-9A99-E05C0C68C6BF}"
EndProject
Project("{2150E333-8FDC-42A3-9474-1A3956D46DE8}") = "SessionManagement", "SessionManagement", "{CF2E345F-BEF8-4375-8FBD-C989F71BDC8A}"
EndProject
Project("{FAE04EC0-301F-11D3-BF4B-00C04F79EFBC}") = "SessionManagement.Contract", "SessionManagement.Contract\SessionManagement.Contract.csproj", "{D92A14B2-2FBD-4141-A88C-862D6926B999}"
EndProject
Project("{FAE04EC0-301F-11D3-BF4B-00C04F79EFBC}") = "SessionManagement.Service", "SessionManagement.Service\SessionManagement.Service.csproj", "{FB10FF8B-0A8F-4F65-82B3-E08DBA141250}"
EndProject
Project("{FAE04EC0-301F-11D3-BF4B-00C04F79EFBC}") = "SessionManagement.Hosting", "SessionManagement.Hosting\SessionManagement.Hosting.csproj", "{B744BBFA-4D47-43F9-B66A-79CF9366515D}"
EndProject
Project("{FAE04EC0-301F-11D3-BF4B-00C04F79EFBC}") = "SessionManagement.Client", "SessionManagement.Client\SessionManagement.Client.csproj", "{8BAE8B88-C52A-4C8F-AEBB-0FDF19C7C263}"
EndProject
Project("{2150E333-8FDC-42A3-9474-1A3956D46DE8}") = "PooledInstanceProvider", "PooledInstanceProvider", "{ABA499D9-3EA9-4A62-833C-B2C5AF0B781C}"
EndProject
Project("{FAE04EC0-301F-11D3-BF4B-00C04F79EFBC}") = "PooledInstanceProvider.WCFExtensions", "PooledInstanceProvider.WCFExtensions\PooledInstanceProvider.WCFExtensions.csproj", "{D4B03E90-B85B-4368-ACE8-A26E1487976A}"
EndProject
Project("{FAE04EC0-301F-11D3-BF4B-00C04F79EFBC}") = "PooledInstanceProvider.Contracts", "PooledInstanceProvider.Contracts\PooledInstanceProvider.Contracts.csproj", "{DA8D47CA-0336-47F5-8163-C62F218097D9}"
EndProject
Project("{FAE04EC0-301F-11D3-BF4B-00C04F79EFBC}") = "PooledInstanceProvicer.Services", "PooledInstanceProvicer.Services\PooledInstanceProvicer.Services.csproj", "{91D0369E-B93C-4C2C-80F7-DFD3A273F4FF}"
EndProject
Project("{FAE04EC0-301F-11D3-BF4B-00C04F79EFBC}") = "PooledInstanceProvider.Hosting", "PooledInstanceProvider.Hosting\PooledInstanceProvider.Hosting.csproj", "{F86E1B38-F595-41FF-9175-1BA08088B3E5}"
EndProject
Project("{FAE04EC0-301F-11D3-BF4B-00C04F79EFBC}") = "PooledInstanceProvider.Clients", "PooledInstanceProvider.Clients\PooledInstanceProvider.Clients.csproj", "{3F9FDD2A-23D8-4AA4-B7FF-6CC6B92AB385}"
EndProject
Global
	GlobalSection(SolutionConfigurationPlatforms) = preSolution
		Debug|Any CPU = Debug|Any CPU
		Release|Any CPU = Release|Any CPU
	EndGlobalSection
	GlobalSection(ProjectConfigurationPlatforms) = postSolution
		{38249E27-3A07-4BDD-9F61-722BF85B6F2E}.Debug|Any CPU.ActiveCfg = Debug|Any CPU
		{38249E27-3A07-4BDD-9F61-722BF85B6F2E}.Debug|Any CPU.Build.0 = Debug|Any CPU
		{38249E27-3A07-4BDD-9F61-722BF85B6F2E}.Release|Any CPU.ActiveCfg = Release|Any CPU
		{38249E27-3A07-4BDD-9F61-722BF85B6F2E}.Release|Any CPU.Build.0 = Release|Any CPU
		{C7BD71C8-AA2E-4903-B4B4-A94EC5865CA3}.Debug|Any CPU.ActiveCfg = Debug|Any CPU
		{C7BD71C8-AA2E-4903-B4B4-A94EC5865CA3}.Debug|Any CPU.Build.0 = Debug|Any CPU
		{C7BD71C8-AA2E-4903-B4B4-A94EC5865CA3}.Release|Any CPU.ActiveCfg = Release|Any CPU
		{C7BD71C8-AA2E-4903-B4B4-A94EC5865CA3}.Release|Any CPU.Build.0 = Release|Any CPU
		{C5D734D7-77DE-4B28-A695-8B903CABC724}.Debug|Any CPU.ActiveCfg = Debug|Any CPU
		{C5D734D7-77DE-4B28-A695-8B903CABC724}.Debug|Any CPU.Build.0 = Debug|Any CPU
		{C5D734D7-77DE-4B28-A695-8B903CABC724}.Release|Any CPU.ActiveCfg = Release|Any CPU
		{C5D734D7-77DE-4B28-A695-8B903CABC724}.Release|Any CPU.Build.0 = Release|Any CPU
		{9A43D7D4-B733-4312-8438-AA389E43A7E0}.Debug|Any CPU.ActiveCfg = Debug|Any CPU
		{9A43D7D4-B733-4312-8438-AA389E43A7E0}.Debug|Any CPU.Build.0 = Debug|Any CPU
		{9A43D7D4-B733-4312-8438-AA389E43A7E0}.Release|Any CPU.ActiveCfg = Release|Any CPU
		{9A43D7D4-B733-4312-8438-AA389E43A7E0}.Release|Any CPU.Build.0 = Release|Any CPU
		{B91CB5FC-E972-4223-8E1E-E9D6B8651766}.Debug|Any CPU.ActiveCfg = Debug|Any CPU
		{B91CB5FC-E972-4223-8E1E-E9D6B8651766}.Debug|Any CPU.Build.0 = Debug|Any CPU
		{B91CB5FC-E972-4223-8E1E-E9D6B8651766}.Release|Any CPU.ActiveCfg = Debug|Any CPU
		{B91CB5FC-E972-4223-8E1E-E9D6B8651766}.Release|Any CPU.Build.0 = Debug|Any CPU
		{CAAB69F1-CA1D-44E2-9923-EF31918BDA12}.Debug|Any CPU.ActiveCfg = Debug|Any CPU
		{CAAB69F1-CA1D-44E2-9923-EF31918BDA12}.Debug|Any CPU.Build.0 = Debug|Any CPU
		{CAAB69F1-CA1D-44E2-9923-EF31918BDA12}.Release|Any CPU.ActiveCfg = Release|Any CPU
		{CAAB69F1-CA1D-44E2-9923-EF31918BDA12}.Release|Any CPU.Build.0 = Release|Any CPU
		{7D43B08E-F4DB-4DB1-9D21-3A85917B7B43}.Debug|Any CPU.ActiveCfg = Debug|Any CPU
		{7D43B08E-F4DB-4DB1-9D21-3A85917B7B43}.Debug|Any CPU.Build.0 = Debug|Any CPU
		{7D43B08E-F4DB-4DB1-9D21-3A85917B7B43}.Release|Any CPU.ActiveCfg = Release|Any CPU
		{7D43B08E-F4DB-4DB1-9D21-3A85917B7B43}.Release|Any CPU.Build.0 = Release|Any CPU
		{FDEA8A9E-D3A3-4404-895D-30B549D19295}.Debug|Any CPU.ActiveCfg = Debug|Any CPU
		{FDEA8A9E-D3A3-4404-895D-30B549D19295}.Debug|Any CPU.Build.0 = Debug|Any CPU
		{FDEA8A9E-D3A3-4404-895D-30B549D19295}.Release|Any CPU.ActiveCfg = Release|Any CPU
		{FDEA8A9E-D3A3-4404-895D-30B549D19295}.Release|Any CPU.Build.0 = Release|Any CPU
		{3DF81CA6-890B-49EE-9E48-DAB2CB04B531}.Debug|Any CPU.ActiveCfg = Debug|Any CPU
		{3DF81CA6-890B-49EE-9E48-DAB2CB04B531}.Debug|Any CPU.Build.0 = Debug|Any CPU
		{3DF81CA6-890B-49EE-9E48-DAB2CB04B531}.Release|Any CPU.ActiveCfg = Release|Any CPU
		{3DF81CA6-890B-49EE-9E48-DAB2CB04B531}.Release|Any CPU.Build.0 = Release|Any CPU
		{DD4ABBE6-092A-4828-B50E-1EEEB69152CA}.Debug|Any CPU.ActiveCfg = Debug|Any CPU
		{DD4ABBE6-092A-4828-B50E-1EEEB69152CA}.Debug|Any CPU.Build.0 = Debug|Any CPU
		{DD4ABBE6-092A-4828-B50E-1EEEB69152CA}.Release|Any CPU.ActiveCfg = Release|Any CPU
		{DD4ABBE6-092A-4828-B50E-1EEEB69152CA}.Release|Any CPU.Build.0 = Release|Any CPU
		{547FF752-01C8-407D-AF1F-4A3A53A192B6}.Debug|Any CPU.ActiveCfg = Debug|Any CPU
		{547FF752-01C8-407D-AF1F-4A3A53A192B6}.Debug|Any CPU.Build.0 = Debug|Any CPU
		{547FF752-01C8-407D-AF1F-4A3A53A192B6}.Release|Any CPU.ActiveCfg = Release|Any CPU
		{547FF752-01C8-407D-AF1F-4A3A53A192B6}.Release|Any CPU.Build.0 = Release|Any CPU
		{84012553-8688-4F4E-9848-A7BC742C1FEC}.Debug|Any CPU.ActiveCfg = Debug|Any CPU
		{84012553-8688-4F4E-9848-A7BC742C1FEC}.Debug|Any CPU.Build.0 = Debug|Any CPU
		{84012553-8688-4F4E-9848-A7BC742C1FEC}.Release|Any CPU.ActiveCfg = Release|Any CPU
		{84012553-8688-4F4E-9848-A7BC742C1FEC}.Release|Any CPU.Build.0 = Release|Any CPU
		{919CF6C3-0660-433F-9A56-BDDBDDC07410}.Debug|Any CPU.ActiveCfg = Debug|Any CPU
		{919CF6C3-0660-433F-9A56-BDDBDDC07410}.Debug|Any CPU.Build.0 = Debug|Any CPU
		{919CF6C3-0660-433F-9A56-BDDBDDC07410}.Release|Any CPU.ActiveCfg = Debug|Any CPU
		{919CF6C3-0660-433F-9A56-BDDBDDC07410}.Release|Any CPU.Build.0 = Debug|Any CPU
		{1D1190AF-8806-44E3-A0B0-D1A2B327A59E}.Debug|Any CPU.ActiveCfg = Debug|Any CPU
		{1D1190AF-8806-44E3-A0B0-D1A2B327A59E}.Debug|Any CPU.Build.0 = Debug|Any CPU
		{1D1190AF-8806-44E3-A0B0-D1A2B327A59E}.Release|Any CPU.ActiveCfg = Release|Any CPU
		{1D1190AF-8806-44E3-A0B0-D1A2B327A59E}.Release|Any CPU.Build.0 = Release|Any CPU
		{8B1BC842-1635-4DA3-9F0F-09E0072ABFB1}.Debug|Any CPU.ActiveCfg = Debug|Any CPU
		{8B1BC842-1635-4DA3-9F0F-09E0072ABFB1}.Debug|Any CPU.Build.0 = Debug|Any CPU
		{8B1BC842-1635-4DA3-9F0F-09E0072ABFB1}.Release|Any CPU.ActiveCfg = Release|Any CPU
		{8B1BC842-1635-4DA3-9F0F-09E0072ABFB1}.Release|Any CPU.Build.0 = Release|Any CPU
		{A6EC6674-BD98-4FBF-ACFD-BE084F27FD09}.Debug|Any CPU.ActiveCfg = Debug|Any CPU
		{A6EC6674-BD98-4FBF-ACFD-BE084F27FD09}.Debug|Any CPU.Build.0 = Debug|Any CPU
		{A6EC6674-BD98-4FBF-ACFD-BE084F27FD09}.Release|Any CPU.ActiveCfg = Release|Any CPU
		{A6EC6674-BD98-4FBF-ACFD-BE084F27FD09}.Release|Any CPU.Build.0 = Release|Any CPU
		{03825214-6B80-487C-BBD7-A27BB3A4BC91}.Debug|Any CPU.ActiveCfg = Debug|Any CPU
		{03825214-6B80-487C-BBD7-A27BB3A4BC91}.Debug|Any CPU.Build.0 = Debug|Any CPU
		{03825214-6B80-487C-BBD7-A27BB3A4BC91}.Release|Any CPU.ActiveCfg = Release|Any CPU
		{03825214-6B80-487C-BBD7-A27BB3A4BC91}.Release|Any CPU.Build.0 = Release|Any CPU
		{8950C880-C579-4CD5-B535-F7D254E440B9}.Debug|Any CPU.ActiveCfg = Debug|Any CPU
		{8950C880-C579-4CD5-B535-F7D254E440B9}.Debug|Any CPU.Build.0 = Debug|Any CPU
		{8950C880-C579-4CD5-B535-F7D254E440B9}.Release|Any CPU.ActiveCfg = Release|Any CPU
		{8950C880-C579-4CD5-B535-F7D254E440B9}.Release|Any CPU.Build.0 = Release|Any CPU
		{7B077B16-0589-4CE7-836E-BD93F5CF21D1}.Debug|Any CPU.ActiveCfg = Debug|Any CPU
		{7B077B16-0589-4CE7-836E-BD93F5CF21D1}.Debug|Any CPU.Build.0 = Debug|Any CPU
		{7B077B16-0589-4CE7-836E-BD93F5CF21D1}.Release|Any CPU.ActiveCfg = Release|Any CPU
		{7B077B16-0589-4CE7-836E-BD93F5CF21D1}.Release|Any CPU.Build.0 = Release|Any CPU
		{33EED97B-3FE5-4DBA-AD38-7A8FC40B51A0}.Debug|Any CPU.ActiveCfg = Debug|Any CPU
		{33EED97B-3FE5-4DBA-AD38-7A8FC40B51A0}.Debug|Any CPU.Build.0 = Debug|Any CPU
		{33EED97B-3FE5-4DBA-AD38-7A8FC40B51A0}.Release|Any CPU.ActiveCfg = Release|Any CPU
		{33EED97B-3FE5-4DBA-AD38-7A8FC40B51A0}.Release|Any CPU.Build.0 = Release|Any CPU
		{BA1B1F7D-59D5-4FF0-A155-BAE34B76EEF9}.Debug|Any CPU.ActiveCfg = Debug|Any CPU
		{BA1B1F7D-59D5-4FF0-A155-BAE34B76EEF9}.Debug|Any CPU.Build.0 = Debug|Any CPU
		{BA1B1F7D-59D5-4FF0-A155-BAE34B76EEF9}.Release|Any CPU.ActiveCfg = Release|Any CPU
		{BA1B1F7D-59D5-4FF0-A155-BAE34B76EEF9}.Release|Any CPU.Build.0 = Release|Any CPU
		{46C44347-072B-4F0B-A0E3-C005A1D8F7AB}.Debug|Any CPU.ActiveCfg = Debug|Any CPU
		{46C44347-072B-4F0B-A0E3-C005A1D8F7AB}.Debug|Any CPU.Build.0 = Debug|Any CPU
		{46C44347-072B-4F0B-A0E3-C005A1D8F7AB}.Release|Any CPU.ActiveCfg = Release|Any CPU
		{46C44347-072B-4F0B-A0E3-C005A1D8F7AB}.Release|Any CPU.Build.0 = Release|Any CPU
		{59B85153-78D6-4ED9-B1A7-E59F35CC0399}.Debug|Any CPU.ActiveCfg = Debug|Any CPU
		{59B85153-78D6-4ED9-B1A7-E59F35CC0399}.Debug|Any CPU.Build.0 = Debug|Any CPU
		{59B85153-78D6-4ED9-B1A7-E59F35CC0399}.Release|Any CPU.ActiveCfg = Release|Any CPU
		{59B85153-78D6-4ED9-B1A7-E59F35CC0399}.Release|Any CPU.Build.0 = Release|Any CPU
		{46A41DEF-4EAE-4714-AE4C-51AB8358F150}.Debug|Any CPU.ActiveCfg = Debug|Any CPU
		{46A41DEF-4EAE-4714-AE4C-51AB8358F150}.Debug|Any CPU.Build.0 = Debug|Any CPU
		{46A41DEF-4EAE-4714-AE4C-51AB8358F150}.Release|Any CPU.ActiveCfg = Release|Any CPU
		{46A41DEF-4EAE-4714-AE4C-51AB8358F150}.Release|Any CPU.Build.0 = Release|Any CPU
		{87EE2A3F-508F-4CFF-BF92-3A02B3E81207}.Debug|Any CPU.ActiveCfg = Debug|Any CPU
		{87EE2A3F-508F-4CFF-BF92-3A02B3E81207}.Debug|Any CPU.Build.0 = Debug|Any CPU
		{87EE2A3F-508F-4CFF-BF92-3A02B3E81207}.Release|Any CPU.ActiveCfg = Release|Any CPU
		{87EE2A3F-508F-4CFF-BF92-3A02B3E81207}.Release|Any CPU.Build.0 = Release|Any CPU
		{3FFF547C-2071-4236-A8F2-6A71A766168C}.Debug|Any CPU.ActiveCfg = Debug|Any CPU
		{3FFF547C-2071-4236-A8F2-6A71A766168C}.Debug|Any CPU.Build.0 = Debug|Any CPU
		{3FFF547C-2071-4236-A8F2-6A71A766168C}.Release|Any CPU.ActiveCfg = Release|Any CPU
		{3FFF547C-2071-4236-A8F2-6A71A766168C}.Release|Any CPU.Build.0 = Release|Any CPU
		{A5BE4ECF-BE9F-4CEB-A52F-B361F5BB4A20}.Debug|Any CPU.ActiveCfg = Debug|Any CPU
		{A5BE4ECF-BE9F-4CEB-A52F-B361F5BB4A20}.Debug|Any CPU.Build.0 = Debug|Any CPU
		{A5BE4ECF-BE9F-4CEB-A52F-B361F5BB4A20}.Release|Any CPU.ActiveCfg = Release|Any CPU
		{A5BE4ECF-BE9F-4CEB-A52F-B361F5BB4A20}.Release|Any CPU.Build.0 = Release|Any CPU
		{7777A8E2-4A7F-4796-A257-BB74F3A0B732}.Debug|Any CPU.ActiveCfg = Debug|Any CPU
		{7777A8E2-4A7F-4796-A257-BB74F3A0B732}.Debug|Any CPU.Build.0 = Debug|Any CPU
		{7777A8E2-4A7F-4796-A257-BB74F3A0B732}.Release|Any CPU.ActiveCfg = Release|Any CPU
		{7777A8E2-4A7F-4796-A257-BB74F3A0B732}.Release|Any CPU.Build.0 = Release|Any CPU
		{A79F75CA-8EA7-40BD-B099-F6396E085B1A}.Debug|Any CPU.ActiveCfg = Debug|Any CPU
		{A79F75CA-8EA7-40BD-B099-F6396E085B1A}.Debug|Any CPU.Build.0 = Debug|Any CPU
		{A79F75CA-8EA7-40BD-B099-F6396E085B1A}.Release|Any CPU.ActiveCfg = Release|Any CPU
		{A79F75CA-8EA7-40BD-B099-F6396E085B1A}.Release|Any CPU.Build.0 = Release|Any CPU
		{D931B599-3CCB-4C81-851A-5DEF7D23E9D9}.Debug|Any CPU.ActiveCfg = Debug|Any CPU
		{D931B599-3CCB-4C81-851A-5DEF7D23E9D9}.Debug|Any CPU.Build.0 = Debug|Any CPU
		{D931B599-3CCB-4C81-851A-5DEF7D23E9D9}.Release|Any CPU.ActiveCfg = Release|Any CPU
		{D931B599-3CCB-4C81-851A-5DEF7D23E9D9}.Release|Any CPU.Build.0 = Release|Any CPU
		{20C6C001-6C0D-4970-B4B2-3EC9EDC9ED1A}.Debug|Any CPU.ActiveCfg = Debug|Any CPU
		{20C6C001-6C0D-4970-B4B2-3EC9EDC9ED1A}.Debug|Any CPU.Build.0 = Debug|Any CPU
		{20C6C001-6C0D-4970-B4B2-3EC9EDC9ED1A}.Release|Any CPU.ActiveCfg = Release|Any CPU
		{20C6C001-6C0D-4970-B4B2-3EC9EDC9ED1A}.Release|Any CPU.Build.0 = Release|Any CPU
		{6A0B1759-4D28-43D8-BB36-DC68B455C1DF}.Debug|Any CPU.ActiveCfg = Debug|Any CPU
		{6A0B1759-4D28-43D8-BB36-DC68B455C1DF}.Debug|Any CPU.Build.0 = Debug|Any CPU
		{6A0B1759-4D28-43D8-BB36-DC68B455C1DF}.Release|Any CPU.ActiveCfg = Release|Any CPU
		{6A0B1759-4D28-43D8-BB36-DC68B455C1DF}.Release|Any CPU.Build.0 = Release|Any CPU
		{BF33AB54-8C06-40A4-A0D6-278627BF1522}.Debug|Any CPU.ActiveCfg = Debug|Any CPU
		{BF33AB54-8C06-40A4-A0D6-278627BF1522}.Debug|Any CPU.Build.0 = Debug|Any CPU
		{BF33AB54-8C06-40A4-A0D6-278627BF1522}.Release|Any CPU.ActiveCfg = Release|Any CPU
		{BF33AB54-8C06-40A4-A0D6-278627BF1522}.Release|Any CPU.Build.0 = Release|Any CPU
		{2244EDA3-FD14-4CA6-8126-04A8DD9AE6B0}.Debug|Any CPU.ActiveCfg = Debug|Any CPU
		{2244EDA3-FD14-4CA6-8126-04A8DD9AE6B0}.Debug|Any CPU.Build.0 = Debug|Any CPU
		{2244EDA3-FD14-4CA6-8126-04A8DD9AE6B0}.Release|Any CPU.ActiveCfg = Release|Any CPU
		{2244EDA3-FD14-4CA6-8126-04A8DD9AE6B0}.Release|Any CPU.Build.0 = Release|Any CPU
		{CBC098BD-B44F-450D-BF5C-D02C8DF071D4}.Debug|Any CPU.ActiveCfg = Debug|Any CPU
		{CBC098BD-B44F-450D-BF5C-D02C8DF071D4}.Debug|Any CPU.Build.0 = Debug|Any CPU
		{CBC098BD-B44F-450D-BF5C-D02C8DF071D4}.Release|Any CPU.ActiveCfg = Release|Any CPU
		{CBC098BD-B44F-450D-BF5C-D02C8DF071D4}.Release|Any CPU.Build.0 = Release|Any CPU
		{217D0876-0578-4899-BF43-93E524DFADA2}.Debug|Any CPU.ActiveCfg = Debug|Any CPU
		{217D0876-0578-4899-BF43-93E524DFADA2}.Debug|Any CPU.Build.0 = Debug|Any CPU
		{217D0876-0578-4899-BF43-93E524DFADA2}.Release|Any CPU.ActiveCfg = Release|Any CPU
		{217D0876-0578-4899-BF43-93E524DFADA2}.Release|Any CPU.Build.0 = Release|Any CPU
		{346781FB-024E-4961-85FE-EA62B6E84A7D}.Debug|Any CPU.ActiveCfg = Debug|Any CPU
		{346781FB-024E-4961-85FE-EA62B6E84A7D}.Debug|Any CPU.Build.0 = Debug|Any CPU
		{346781FB-024E-4961-85FE-EA62B6E84A7D}.Release|Any CPU.ActiveCfg = Release|Any CPU
		{346781FB-024E-4961-85FE-EA62B6E84A7D}.Release|Any CPU.Build.0 = Release|Any CPU
		{388171E2-B52B-411F-A24F-7421E8E80DD7}.Debug|Any CPU.ActiveCfg = Debug|Any CPU
		{388171E2-B52B-411F-A24F-7421E8E80DD7}.Debug|Any CPU.Build.0 = Debug|Any CPU
		{388171E2-B52B-411F-A24F-7421E8E80DD7}.Release|Any CPU.ActiveCfg = Release|Any CPU
		{388171E2-B52B-411F-A24F-7421E8E80DD7}.Release|Any CPU.Build.0 = Release|Any CPU
		{8D72E809-6DED-4A8D-82C1-2A066023AE5F}.Debug|Any CPU.ActiveCfg = Debug|Any CPU
		{8D72E809-6DED-4A8D-82C1-2A066023AE5F}.Debug|Any CPU.Build.0 = Debug|Any CPU
		{8D72E809-6DED-4A8D-82C1-2A066023AE5F}.Release|Any CPU.ActiveCfg = Release|Any CPU
		{8D72E809-6DED-4A8D-82C1-2A066023AE5F}.Release|Any CPU.Build.0 = Release|Any CPU
		{6B4C510A-15D1-43FB-BD8C-4F352CAC1433}.Debug|Any CPU.ActiveCfg = Debug|Any CPU
		{6B4C510A-15D1-43FB-BD8C-4F352CAC1433}.Debug|Any CPU.Build.0 = Debug|Any CPU
		{6B4C510A-15D1-43FB-BD8C-4F352CAC1433}.Release|Any CPU.ActiveCfg = Release|Any CPU
		{6B4C510A-15D1-43FB-BD8C-4F352CAC1433}.Release|Any CPU.Build.0 = Release|Any CPU
		{B41994EF-61D0-4DCB-A1C7-883E3C7B671C}.Debug|Any CPU.ActiveCfg = Debug|Any CPU
		{B41994EF-61D0-4DCB-A1C7-883E3C7B671C}.Debug|Any CPU.Build.0 = Debug|Any CPU
		{B41994EF-61D0-4DCB-A1C7-883E3C7B671C}.Release|Any CPU.ActiveCfg = Release|Any CPU
		{B41994EF-61D0-4DCB-A1C7-883E3C7B671C}.Release|Any CPU.Build.0 = Release|Any CPU
		{17033BE8-8B0F-4AE2-91FA-467818F9506E}.Debug|Any CPU.ActiveCfg = Debug|Any CPU
		{17033BE8-8B0F-4AE2-91FA-467818F9506E}.Debug|Any CPU.Build.0 = Debug|Any CPU
		{17033BE8-8B0F-4AE2-91FA-467818F9506E}.Release|Any CPU.ActiveCfg = Release|Any CPU
		{17033BE8-8B0F-4AE2-91FA-467818F9506E}.Release|Any CPU.Build.0 = Release|Any CPU
		{05FB1EFB-18F7-48D5-A12B-5E356971FE45}.Debug|Any CPU.ActiveCfg = Debug|Any CPU
		{05FB1EFB-18F7-48D5-A12B-5E356971FE45}.Debug|Any CPU.Build.0 = Debug|Any CPU
		{05FB1EFB-18F7-48D5-A12B-5E356971FE45}.Release|Any CPU.ActiveCfg = Release|Any CPU
		{05FB1EFB-18F7-48D5-A12B-5E356971FE45}.Release|Any CPU.Build.0 = Release|Any CPU
		{17D0D6BC-D319-4290-A4E9-19B4C8184120}.Debug|Any CPU.ActiveCfg = Debug|Any CPU
		{17D0D6BC-D319-4290-A4E9-19B4C8184120}.Debug|Any CPU.Build.0 = Debug|Any CPU
		{17D0D6BC-D319-4290-A4E9-19B4C8184120}.Release|Any CPU.ActiveCfg = Release|Any CPU
		{17D0D6BC-D319-4290-A4E9-19B4C8184120}.Release|Any CPU.Build.0 = Release|Any CPU
		{51B9BEDC-C268-4157-90B9-9DAFCAACD428}.Debug|Any CPU.ActiveCfg = Debug|Any CPU
		{51B9BEDC-C268-4157-90B9-9DAFCAACD428}.Debug|Any CPU.Build.0 = Debug|Any CPU
		{51B9BEDC-C268-4157-90B9-9DAFCAACD428}.Release|Any CPU.ActiveCfg = Release|Any CPU
		{51B9BEDC-C268-4157-90B9-9DAFCAACD428}.Release|Any CPU.Build.0 = Release|Any CPU
		{E74B161E-DBF7-416A-9708-25281FA073AE}.Debug|Any CPU.ActiveCfg = Debug|Any CPU
		{E74B161E-DBF7-416A-9708-25281FA073AE}.Debug|Any CPU.Build.0 = Debug|Any CPU
		{E74B161E-DBF7-416A-9708-25281FA073AE}.Release|Any CPU.ActiveCfg = Release|Any CPU
		{E74B161E-DBF7-416A-9708-25281FA073AE}.Release|Any CPU.Build.0 = Release|Any CPU
		{DEB2AC73-3B01-4DDA-BE2D-3EE07A238AD0}.Debug|Any CPU.ActiveCfg = Debug|Any CPU
		{DEB2AC73-3B01-4DDA-BE2D-3EE07A238AD0}.Debug|Any CPU.Build.0 = Debug|Any CPU
		{DEB2AC73-3B01-4DDA-BE2D-3EE07A238AD0}.Release|Any CPU.ActiveCfg = Release|Any CPU
		{DEB2AC73-3B01-4DDA-BE2D-3EE07A238AD0}.Release|Any CPU.Build.0 = Release|Any CPU
		{1CAC909E-282B-4A65-9213-F86D4C7F6EB9}.Debug|Any CPU.ActiveCfg = Debug|Any CPU
		{1CAC909E-282B-4A65-9213-F86D4C7F6EB9}.Debug|Any CPU.Build.0 = Debug|Any CPU
		{1CAC909E-282B-4A65-9213-F86D4C7F6EB9}.Release|Any CPU.ActiveCfg = Release|Any CPU
		{1CAC909E-282B-4A65-9213-F86D4C7F6EB9}.Release|Any CPU.Build.0 = Release|Any CPU
		{B5467853-50E6-410E-BE01-3EB5C36DB9FC}.Debug|Any CPU.ActiveCfg = Debug|Any CPU
		{B5467853-50E6-410E-BE01-3EB5C36DB9FC}.Debug|Any CPU.Build.0 = Debug|Any CPU
		{B5467853-50E6-410E-BE01-3EB5C36DB9FC}.Release|Any CPU.ActiveCfg = Release|Any CPU
		{B5467853-50E6-410E-BE01-3EB5C36DB9FC}.Release|Any CPU.Build.0 = Release|Any CPU
		{FD7FE5D7-15C4-401A-8211-CA6AFD3CE106}.Debug|Any CPU.ActiveCfg = Debug|Any CPU
		{FD7FE5D7-15C4-401A-8211-CA6AFD3CE106}.Debug|Any CPU.Build.0 = Debug|Any CPU
		{FD7FE5D7-15C4-401A-8211-CA6AFD3CE106}.Release|Any CPU.ActiveCfg = Release|Any CPU
		{FD7FE5D7-15C4-401A-8211-CA6AFD3CE106}.Release|Any CPU.Build.0 = Release|Any CPU
		{4B7705AA-46FC-4A73-BF63-D6D93CA2AF59}.Debug|Any CPU.ActiveCfg = Debug|Any CPU
		{4B7705AA-46FC-4A73-BF63-D6D93CA2AF59}.Debug|Any CPU.Build.0 = Debug|Any CPU
		{4B7705AA-46FC-4A73-BF63-D6D93CA2AF59}.Release|Any CPU.ActiveCfg = Release|Any CPU
		{4B7705AA-46FC-4A73-BF63-D6D93CA2AF59}.Release|Any CPU.Build.0 = Release|Any CPU
		{4B02D463-B842-48B9-9531-E9B853EF5981}.Debug|Any CPU.ActiveCfg = Debug|Any CPU
		{4B02D463-B842-48B9-9531-E9B853EF5981}.Debug|Any CPU.Build.0 = Debug|Any CPU
		{4B02D463-B842-48B9-9531-E9B853EF5981}.Release|Any CPU.ActiveCfg = Release|Any CPU
		{4B02D463-B842-48B9-9531-E9B853EF5981}.Release|Any CPU.Build.0 = Release|Any CPU
		{A3820B01-3B9E-46EC-8415-361B31706B12}.Debug|Any CPU.ActiveCfg = Debug|Any CPU
		{A3820B01-3B9E-46EC-8415-361B31706B12}.Debug|Any CPU.Build.0 = Debug|Any CPU
		{A3820B01-3B9E-46EC-8415-361B31706B12}.Release|Any CPU.ActiveCfg = Release|Any CPU
		{A3820B01-3B9E-46EC-8415-361B31706B12}.Release|Any CPU.Build.0 = Release|Any CPU
		{A74054BC-56FE-4E8F-90D2-0955B6C92EC4}.Debug|Any CPU.ActiveCfg = Debug|Any CPU
		{A74054BC-56FE-4E8F-90D2-0955B6C92EC4}.Debug|Any CPU.Build.0 = Debug|Any CPU
		{A74054BC-56FE-4E8F-90D2-0955B6C92EC4}.Release|Any CPU.ActiveCfg = Release|Any CPU
		{A74054BC-56FE-4E8F-90D2-0955B6C92EC4}.Release|Any CPU.Build.0 = Release|Any CPU
		{A511CC31-59C9-4DA2-8D68-FDEE1C8D5994}.Debug|Any CPU.ActiveCfg = Debug|Any CPU
		{A511CC31-59C9-4DA2-8D68-FDEE1C8D5994}.Debug|Any CPU.Build.0 = Debug|Any CPU
		{A511CC31-59C9-4DA2-8D68-FDEE1C8D5994}.Release|Any CPU.ActiveCfg = Release|Any CPU
		{A511CC31-59C9-4DA2-8D68-FDEE1C8D5994}.Release|Any CPU.Build.0 = Release|Any CPU
		{AD05F159-3B48-48B2-9A99-E05C0C68C6BF}.Debug|Any CPU.ActiveCfg = Debug|Any CPU
		{AD05F159-3B48-48B2-9A99-E05C0C68C6BF}.Debug|Any CPU.Build.0 = Debug|Any CPU
		{AD05F159-3B48-48B2-9A99-E05C0C68C6BF}.Release|Any CPU.ActiveCfg = Release|Any CPU
		{AD05F159-3B48-48B2-9A99-E05C0C68C6BF}.Release|Any CPU.Build.0 = Release|Any CPU
		{D92A14B2-2FBD-4141-A88C-862D6926B999}.Debug|Any CPU.ActiveCfg = Debug|Any CPU
		{D92A14B2-2FBD-4141-A88C-862D6926B999}.Debug|Any CPU.Build.0 = Debug|Any CPU
		{D92A14B2-2FBD-4141-A88C-862D6926B999}.Release|Any CPU.ActiveCfg = Release|Any CPU
		{D92A14B2-2FBD-4141-A88C-862D6926B999}.Release|Any CPU.Build.0 = Release|Any CPU
		{FB10FF8B-0A8F-4F65-82B3-E08DBA141250}.Debug|Any CPU.ActiveCfg = Debug|Any CPU
		{FB10FF8B-0A8F-4F65-82B3-E08DBA141250}.Debug|Any CPU.Build.0 = Debug|Any CPU
		{FB10FF8B-0A8F-4F65-82B3-E08DBA141250}.Release|Any CPU.ActiveCfg = Release|Any CPU
		{FB10FF8B-0A8F-4F65-82B3-E08DBA141250}.Release|Any CPU.Build.0 = Release|Any CPU
		{B744BBFA-4D47-43F9-B66A-79CF9366515D}.Debug|Any CPU.ActiveCfg = Debug|Any CPU
		{B744BBFA-4D47-43F9-B66A-79CF9366515D}.Debug|Any CPU.Build.0 = Debug|Any CPU
		{B744BBFA-4D47-43F9-B66A-79CF9366515D}.Release|Any CPU.ActiveCfg = Release|Any CPU
		{B744BBFA-4D47-43F9-B66A-79CF9366515D}.Release|Any CPU.Build.0 = Release|Any CPU
		{8BAE8B88-C52A-4C8F-AEBB-0FDF19C7C263}.Debug|Any CPU.ActiveCfg = Debug|Any CPU
		{8BAE8B88-C52A-4C8F-AEBB-0FDF19C7C263}.Debug|Any CPU.Build.0 = Debug|Any CPU
		{8BAE8B88-C52A-4C8F-AEBB-0FDF19C7C263}.Release|Any CPU.ActiveCfg = Release|Any CPU
		{8BAE8B88-C52A-4C8F-AEBB-0FDF19C7C263}.Release|Any CPU.Build.0 = Release|Any CPU
		{D4B03E90-B85B-4368-ACE8-A26E1487976A}.Debug|Any CPU.ActiveCfg = Debug|Any CPU
		{D4B03E90-B85B-4368-ACE8-A26E1487976A}.Debug|Any CPU.Build.0 = Debug|Any CPU
		{D4B03E90-B85B-4368-ACE8-A26E1487976A}.Release|Any CPU.ActiveCfg = Release|Any CPU
		{D4B03E90-B85B-4368-ACE8-A26E1487976A}.Release|Any CPU.Build.0 = Release|Any CPU
		{DA8D47CA-0336-47F5-8163-C62F218097D9}.Debug|Any CPU.ActiveCfg = Debug|Any CPU
		{DA8D47CA-0336-47F5-8163-C62F218097D9}.Debug|Any CPU.Build.0 = Debug|Any CPU
		{DA8D47CA-0336-47F5-8163-C62F218097D9}.Release|Any CPU.ActiveCfg = Release|Any CPU
		{DA8D47CA-0336-47F5-8163-C62F218097D9}.Release|Any CPU.Build.0 = Release|Any CPU
		{91D0369E-B93C-4C2C-80F7-DFD3A273F4FF}.Debug|Any CPU.ActiveCfg = Debug|Any CPU
		{91D0369E-B93C-4C2C-80F7-DFD3A273F4FF}.Debug|Any CPU.Build.0 = Debug|Any CPU
		{91D0369E-B93C-4C2C-80F7-DFD3A273F4FF}.Release|Any CPU.ActiveCfg = Release|Any CPU
		{91D0369E-B93C-4C2C-80F7-DFD3A273F4FF}.Release|Any CPU.Build.0 = Release|Any CPU
		{F86E1B38-F595-41FF-9175-1BA08088B3E5}.Debug|Any CPU.ActiveCfg = Debug|Any CPU
		{F86E1B38-F595-41FF-9175-1BA08088B3E5}.Debug|Any CPU.Build.0 = Debug|Any CPU
		{F86E1B38-F595-41FF-9175-1BA08088B3E5}.Release|Any CPU.ActiveCfg = Release|Any CPU
		{F86E1B38-F595-41FF-9175-1BA08088B3E5}.Release|Any CPU.Build.0 = Release|Any CPU
		{3F9FDD2A-23D8-4AA4-B7FF-6CC6B92AB385}.Debug|Any CPU.ActiveCfg = Debug|Any CPU
		{3F9FDD2A-23D8-4AA4-B7FF-6CC6B92AB385}.Debug|Any CPU.Build.0 = Debug|Any CPU
		{3F9FDD2A-23D8-4AA4-B7FF-6CC6B92AB385}.Release|Any CPU.ActiveCfg = Release|Any CPU
		{3F9FDD2A-23D8-4AA4-B7FF-6CC6B92AB385}.Release|Any CPU.Build.0 = Release|Any CPU
	EndGlobalSection
	GlobalSection(SolutionProperties) = preSolution
		HideSolutionNode = FALSE
	EndGlobalSection
	GlobalSection(NestedProjects) = preSolution
		{8950C880-C579-4CD5-B535-F7D254E440B9} = {FC0FE182-E200-4B41-B565-59DA7F311908}
		{7B077B16-0589-4CE7-836E-BD93F5CF21D1} = {FC0FE182-E200-4B41-B565-59DA7F311908}
		{33EED97B-3FE5-4DBA-AD38-7A8FC40B51A0} = {FC0FE182-E200-4B41-B565-59DA7F311908}
		{BA1B1F7D-59D5-4FF0-A155-BAE34B76EEF9} = {FC0FE182-E200-4B41-B565-59DA7F311908}
		{46C44347-072B-4F0B-A0E3-C005A1D8F7AB} = {3E024210-B42E-4604-87D1-D5012716A3D7}
		{59B85153-78D6-4ED9-B1A7-E59F35CC0399} = {3E024210-B42E-4604-87D1-D5012716A3D7}
		{46A41DEF-4EAE-4714-AE4C-51AB8358F150} = {3E024210-B42E-4604-87D1-D5012716A3D7}
		{87EE2A3F-508F-4CFF-BF92-3A02B3E81207} = {3E024210-B42E-4604-87D1-D5012716A3D7}
		{3FFF547C-2071-4236-A8F2-6A71A766168C} = {AD5AF577-4681-496B-8119-D746F8B84C47}
		{A5BE4ECF-BE9F-4CEB-A52F-B361F5BB4A20} = {AD5AF577-4681-496B-8119-D746F8B84C47}
		{7777A8E2-4A7F-4796-A257-BB74F3A0B732} = {AD5AF577-4681-496B-8119-D746F8B84C47}
		{A79F75CA-8EA7-40BD-B099-F6396E085B1A} = {AD5AF577-4681-496B-8119-D746F8B84C47}
		{D931B599-3CCB-4C81-851A-5DEF7D23E9D9} = {AD5AF577-4681-496B-8119-D746F8B84C47}
		{20C6C001-6C0D-4970-B4B2-3EC9EDC9ED1A} = {AD5AF577-4681-496B-8119-D746F8B84C47}
		{6A0B1759-4D28-43D8-BB36-DC68B455C1DF} = {C491B33D-B375-499A-A90D-498665501A33}
		{BF33AB54-8C06-40A4-A0D6-278627BF1522} = {C491B33D-B375-499A-A90D-498665501A33}
		{2244EDA3-FD14-4CA6-8126-04A8DD9AE6B0} = {6BDD4E92-F9E4-4183-AE98-AD586C3A0DB3}
		{CBC098BD-B44F-450D-BF5C-D02C8DF071D4} = {6BDD4E92-F9E4-4183-AE98-AD586C3A0DB3}
		{217D0876-0578-4899-BF43-93E524DFADA2} = {6BDD4E92-F9E4-4183-AE98-AD586C3A0DB3}
		{346781FB-024E-4961-85FE-EA62B6E84A7D} = {AE7B660D-77B9-4FA1-84AA-A363D50187C3}
		{388171E2-B52B-411F-A24F-7421E8E80DD7} = {AE7B660D-77B9-4FA1-84AA-A363D50187C3}
		{8D72E809-6DED-4A8D-82C1-2A066023AE5F} = {AE7B660D-77B9-4FA1-84AA-A363D50187C3}
		{6B4C510A-15D1-43FB-BD8C-4F352CAC1433} = {AE7B660D-77B9-4FA1-84AA-A363D50187C3}
		{B41994EF-61D0-4DCB-A1C7-883E3C7B671C} = {AE7B660D-77B9-4FA1-84AA-A363D50187C3}
		{17033BE8-8B0F-4AE2-91FA-467818F9506E} = {23AB5652-0C84-43E0-BC3D-8D98928C6D98}
		{05FB1EFB-18F7-48D5-A12B-5E356971FE45} = {23AB5652-0C84-43E0-BC3D-8D98928C6D98}
		{17D0D6BC-D319-4290-A4E9-19B4C8184120} = {23AB5652-0C84-43E0-BC3D-8D98928C6D98}
		{51B9BEDC-C268-4157-90B9-9DAFCAACD428} = {23AB5652-0C84-43E0-BC3D-8D98928C6D98}
		{E74B161E-DBF7-416A-9708-25281FA073AE} = {23AB5652-0C84-43E0-BC3D-8D98928C6D98}
		{DEB2AC73-3B01-4DDA-BE2D-3EE07A238AD0} = {4791E660-8251-4B13-8490-8915230DD429}
		{1CAC909E-282B-4A65-9213-F86D4C7F6EB9} = {4791E660-8251-4B13-8490-8915230DD429}
		{B5467853-50E6-410E-BE01-3EB5C36DB9FC} = {4791E660-8251-4B13-8490-8915230DD429}
		{FD7FE5D7-15C4-401A-8211-CA6AFD3CE106} = {4791E660-8251-4B13-8490-8915230DD429}
		{4B7705AA-46FC-4A73-BF63-D6D93CA2AF59} = {4791E660-8251-4B13-8490-8915230DD429}
		{4B02D463-B842-48B9-9531-E9B853EF5981} = {8BF27564-4545-4FEC-B250-9ED25F8AF9E8}
		{A3820B01-3B9E-46EC-8415-361B31706B12} = {8BF27564-4545-4FEC-B250-9ED25F8AF9E8}
		{A74054BC-56FE-4E8F-90D2-0955B6C92EC4} = {8BF27564-4545-4FEC-B250-9ED25F8AF9E8}
		{A511CC31-59C9-4DA2-8D68-FDEE1C8D5994} = {8BF27564-4545-4FEC-B250-9ED25F8AF9E8}
		{AD05F159-3B48-48B2-9A99-E05C0C68C6BF} = {8BF27564-4545-4FEC-B250-9ED25F8AF9E8}
		{D92A14B2-2FBD-4141-A88C-862D6926B999} = {CF2E345F-BEF8-4375-8FBD-C989F71BDC8A}
		{FB10FF8B-0A8F-4F65-82B3-E08DBA141250} = {CF2E345F-BEF8-4375-8FBD-C989F71BDC8A}
		{B744BBFA-4D47-43F9-B66A-79CF9366515D} = {CF2E345F-BEF8-4375-8FBD-C989F71BDC8A}
		{8BAE8B88-C52A-4C8F-AEBB-0FDF19C7C263} = {CF2E345F-BEF8-4375-8FBD-C989F71BDC8A}
		{D4B03E90-B85B-4368-ACE8-A26E1487976A} = {ABA499D9-3EA9-4A62-833C-B2C5AF0B781C}
		{DA8D47CA-0336-47F5-8163-C62F218097D9} = {ABA499D9-3EA9-4A62-833C-B2C5AF0B781C}
		{91D0369E-B93C-4C2C-80F7-DFD3A273F4FF} = {ABA499D9-3EA9-4A62-833C-B2C5AF0B781C}
		{F86E1B38-F595-41FF-9175-1BA08088B3E5} = {ABA499D9-3EA9-4A62-833C-B2C5AF0B781C}
		{3F9FDD2A-23D8-4AA4-B7FF-6CC6B92AB385} = {ABA499D9-3EA9-4A62-833C-B2C5AF0B781C}
	EndGlobalSection
	GlobalSection(ExtensibilityGlobals) = postSolution
		EnterpriseLibraryConfigurationToolBinariesPathV6 = packages\EnterpriseLibrary.Common.6.0.1304.0\lib\NET45;packages\EnterpriseLibrary.PolicyInjection.6.0.1304.0\lib\NET45
	EndGlobalSection
EndGlobal
