
Microsoft Visual Studio Solution File, Format Version 12.00
# Visual Studio 2013
VisualStudioVersion = 12.0.21005.1
MinimumVisualStudioVersion = 10.0.40219.1
Project("{FAE04EC0-301F-11D3-BF4B-00C04F79EFBC}") = "Contracts", "Contracts\Contracts.csproj", "{38249E27-3A07-4BDD-9F61-722BF85B6F2E}"
EndProject
Project("{FAE04EC0-301F-11D3-BF4B-00C04F79EFBC}") = "Services", "Services\Services.csproj", "{C7BD71C8-AA2E-4903-B4B4-A94EC5865CA3}"
EndProject
Project("{FAE04EC0-301F-11D3-BF4B-00C04F79EFBC}") = "Hosting", "Hosting\Hosting.csproj", "{C5D734D7-77DE-4B28-A695-8B903CABC724}"
EndProject
Project("{FAE04EC0-301F-11D3-BF4B-00C04F79EFBC}") = "Client", "Client\Client.csproj", "{9A43D7D4-B733-4312-8438-AA389E43A7E0}"
EndProject
Project("{E24C65DC-7377-472B-9ABA-BC803B73C61A}") = "WCFService", "http://localhost:49804", "{B91CB5FC-E972-4223-8E1E-E9D6B8651766}"
	ProjectSection(WebsiteProperties) = preProject
		UseIISExpress = "true"
		TargetFrameworkMoniker = ".NETFramework,Version%3Dv4.5"
		ProjectReferences = "{c7bd71c8-aa2e-4903-b4b4-a94ec5865ca3}|Services.dll;{38249E27-3A07-4BDD-9F61-722BF85B6F2E}|Contracts.dll;"
		Debug.AspNetCompiler.VirtualPath = "/localhost_49804"
		Debug.AspNetCompiler.PhysicalPath = "WCFService\"
		Debug.AspNetCompiler.TargetPath = "PrecompiledWeb\localhost_49804\"
		Debug.AspNetCompiler.Updateable = "true"
		Debug.AspNetCompiler.ForceOverwrite = "true"
		Debug.AspNetCompiler.FixedNames = "false"
		Debug.AspNetCompiler.Debug = "True"
		Release.AspNetCompiler.VirtualPath = "/localhost_49804"
		Release.AspNetCompiler.PhysicalPath = "WCFService\"
		Release.AspNetCompiler.TargetPath = "PrecompiledWeb\localhost_49804\"
		Release.AspNetCompiler.Updateable = "true"
		Release.AspNetCompiler.ForceOverwrite = "true"
		Release.AspNetCompiler.FixedNames = "false"
		Release.AspNetCompiler.Debug = "False"
		SlnRelativePath = "WCFService\"
		DefaultWebSiteLanguage = "Visual C#"
	EndProjectSection
EndProject
Project("{FAE04EC0-301F-11D3-BF4B-00C04F79EFBC}") = "WCFSerialization", "WCFSerialization\WCFSerialization.csproj", "{CAAB69F1-CA1D-44E2-9923-EF31918BDA12}"
EndProject
Project("{FAE04EC0-301F-11D3-BF4B-00C04F79EFBC}") = "OverloadableContract.Client", "OverloadableContract.Client\OverloadableContract.Client.csproj", "{7D43B08E-F4DB-4DB1-9D21-3A85917B7B43}"
EndProject
Project("{FAE04EC0-301F-11D3-BF4B-00C04F79EFBC}") = "OverloadableContract.Hosting", "OverloadableContract.Hosting\OverloadableContract.Hosting.csproj", "{FDEA8A9E-D3A3-4404-895D-30B549D19295}"
EndProject
Project("{FAE04EC0-301F-11D3-BF4B-00C04F79EFBC}") = "OverloadableContract.Service", "OverloadableContract.Service\OverloadableContract.Service.csproj", "{3DF81CA6-890B-49EE-9E48-DAB2CB04B531}"
EndProject
Project("{FAE04EC0-301F-11D3-BF4B-00C04F79EFBC}") = "InheritanceHierarchy.BusinessEntity", "InheritanceHierarchy.BusinessEntity\InheritanceHierarchy.BusinessEntity.csproj", "{DD4ABBE6-092A-4828-B50E-1EEEB69152CA}"
EndProject
Project("{FAE04EC0-301F-11D3-BF4B-00C04F79EFBC}") = "InheritanceHierarchy.Client", "InheritanceHierarchy.Client\InheritanceHierarchy.Client.csproj", "{547FF752-01C8-407D-AF1F-4A3A53A192B6}"
	ProjectSection(ProjectDependencies) = postProject
		{919CF6C3-0660-433F-9A56-BDDBDDC07410} = {919CF6C3-0660-433F-9A56-BDDBDDC07410}
	EndProjectSection
EndProject
Project("{FAE04EC0-301F-11D3-BF4B-00C04F79EFBC}") = "InheritanceHierarchy.Service", "InheritanceHierarchy.Service\InheritanceHierarchy.Service.csproj", "{84012553-8688-4F4E-9848-A7BC742C1FEC}"
EndProject
Project("{E24C65DC-7377-472B-9ABA-BC803B73C61A}") = "InheritanceHierarchy", "http://localhost:10791", "{919CF6C3-0660-433F-9A56-BDDBDDC07410}"
	ProjectSection(WebsiteProperties) = preProject
		UseIISExpress = "true"
		TargetFrameworkMoniker = ".NETFramework,Version%3Dv4.5"
		ProjectReferences = "{84012553-8688-4f4e-9848-a7bc742c1fec}|InheritanceHierarchy.Service.dll;{DD4ABBE6-092A-4828-B50E-1EEEB69152CA}|InheritanceHierarchy.BusinessEntity.dll;"
		Debug.AspNetCompiler.VirtualPath = "/localhost_10791"
		Debug.AspNetCompiler.PhysicalPath = "InheritanceHierarchy\"
		Debug.AspNetCompiler.TargetPath = "PrecompiledWeb\localhost_10791\"
		Debug.AspNetCompiler.Updateable = "true"
		Debug.AspNetCompiler.ForceOverwrite = "true"
		Debug.AspNetCompiler.FixedNames = "false"
		Debug.AspNetCompiler.Debug = "True"
		Release.AspNetCompiler.VirtualPath = "/localhost_10791"
		Release.AspNetCompiler.PhysicalPath = "InheritanceHierarchy\"
		Release.AspNetCompiler.TargetPath = "PrecompiledWeb\localhost_10791\"
		Release.AspNetCompiler.Updateable = "true"
		Release.AspNetCompiler.ForceOverwrite = "true"
		Release.AspNetCompiler.FixedNames = "false"
		Release.AspNetCompiler.Debug = "False"
		SlnRelativePath = "InheritanceHierarchy\"
		DefaultWebSiteLanguage = "Visual C#"
	EndProjectSection
EndProject
Project("{FAE04EC0-301F-11D3-BF4B-00C04F79EFBC}") = "SessionfulCalculator.Client", "SessionfulCalculator.Client\SessionfulCalculator.Client.csproj", "{1D1190AF-8806-44E3-A0B0-D1A2B327A59E}"
EndProject
Project("{FAE04EC0-301F-11D3-BF4B-00C04F79EFBC}") = "SessionfulCalculator.Contract", "SessionfulCalculator.Contract\SessionfulCalculator.Contract.csproj", "{8B1BC842-1635-4DA3-9F0F-09E0072ABFB1}"
EndProject
Project("{FAE04EC0-301F-11D3-BF4B-00C04F79EFBC}") = "SessionfulCalculator.Hosting", "SessionfulCalculator.Hosting\SessionfulCalculator.Hosting.csproj", "{A6EC6674-BD98-4FBF-ACFD-BE084F27FD09}"
EndProject
Project("{FAE04EC0-301F-11D3-BF4B-00C04F79EFBC}") = "SessionfulCalculator.Service", "SessionfulCalculator.Service\SessionfulCalculator.Service.csproj", "{03825214-6B80-487C-BBD7-A27BB3A4BC91}"
EndProject
Project("{2150E333-8FDC-42A3-9474-1A3956D46DE8}") = "ExceptionHandling", "ExceptionHandling", "{FC0FE182-E200-4B41-B565-59DA7F311908}"
EndProject
Project("{FAE04EC0-301F-11D3-BF4B-00C04F79EFBC}") = "ExceptionHandling.Client", "ExceptionHanding.Client\ExceptionHandling.Client.csproj", "{8950C880-C579-4CD5-B535-F7D254E440B9}"
EndProject
Project("{FAE04EC0-301F-11D3-BF4B-00C04F79EFBC}") = "ExceptionHandling.Contract", "ExceptionHanding.Contract\ExceptionHandling.Contract.csproj", "{7B077B16-0589-4CE7-836E-BD93F5CF21D1}"
EndProject
Project("{FAE04EC0-301F-11D3-BF4B-00C04F79EFBC}") = "ExceptionHandling.Hosting", "ExceptionHanding.Hosting\ExceptionHandling.Hosting.csproj", "{33EED97B-3FE5-4DBA-AD38-7A8FC40B51A0}"
EndProject
Project("{FAE04EC0-301F-11D3-BF4B-00C04F79EFBC}") = "ExceptionHandling.Service", "ExceptionHanding.Service\ExceptionHandling.Service.csproj", "{BA1B1F7D-59D5-4FF0-A155-BAE34B76EEF9}"
EndProject
Project("{2150E333-8FDC-42A3-9474-1A3956D46DE8}") = "QueuedService", "QueuedService", "{3E024210-B42E-4604-87D1-D5012716A3D7}"
EndProject
Project("{FAE04EC0-301F-11D3-BF4B-00C04F79EFBC}") = "QueuedService.Client", "QueuedService.Client\QueuedService.Client.csproj", "{46C44347-072B-4F0B-A0E3-C005A1D8F7AB}"
EndProject
Project("{FAE04EC0-301F-11D3-BF4B-00C04F79EFBC}") = "QueuedService.Contract", "QueuedService.Contract\QueuedService.Contract.csproj", "{59B85153-78D6-4ED9-B1A7-E59F35CC0399}"
EndProject
Project("{FAE04EC0-301F-11D3-BF4B-00C04F79EFBC}") = "QueuedService.Hosting", "QueuedService.Hosting\QueuedService.Hosting.csproj", "{46A41DEF-4EAE-4714-AE4C-51AB8358F150}"
EndProject
Project("{FAE04EC0-301F-11D3-BF4B-00C04F79EFBC}") = "QueuedService.Service", "QueuedService.Service\QueuedService.Service.csproj", "{87EE2A3F-508F-4CFF-BF92-3A02B3E81207}"
EndProject
Global
	GlobalSection(SolutionConfigurationPlatforms) = preSolution
		Debug|Any CPU = Debug|Any CPU
		Release|Any CPU = Release|Any CPU
	EndGlobalSection
	GlobalSection(ProjectConfigurationPlatforms) = postSolution
		{38249E27-3A07-4BDD-9F61-722BF85B6F2E}.Debug|Any CPU.ActiveCfg = Debug|Any CPU
		{38249E27-3A07-4BDD-9F61-722BF85B6F2E}.Debug|Any CPU.Build.0 = Debug|Any CPU
		{38249E27-3A07-4BDD-9F61-722BF85B6F2E}.Release|Any CPU.ActiveCfg = Release|Any CPU
		{38249E27-3A07-4BDD-9F61-722BF85B6F2E}.Release|Any CPU.Build.0 = Release|Any CPU
		{C7BD71C8-AA2E-4903-B4B4-A94EC5865CA3}.Debug|Any CPU.ActiveCfg = Debug|Any CPU
		{C7BD71C8-AA2E-4903-B4B4-A94EC5865CA3}.Debug|Any CPU.Build.0 = Debug|Any CPU
		{C7BD71C8-AA2E-4903-B4B4-A94EC5865CA3}.Release|Any CPU.ActiveCfg = Release|Any CPU
		{C7BD71C8-AA2E-4903-B4B4-A94EC5865CA3}.Release|Any CPU.Build.0 = Release|Any CPU
		{C5D734D7-77DE-4B28-A695-8B903CABC724}.Debug|Any CPU.ActiveCfg = Debug|Any CPU
		{C5D734D7-77DE-4B28-A695-8B903CABC724}.Debug|Any CPU.Build.0 = Debug|Any CPU
		{C5D734D7-77DE-4B28-A695-8B903CABC724}.Release|Any CPU.ActiveCfg = Release|Any CPU
		{C5D734D7-77DE-4B28-A695-8B903CABC724}.Release|Any CPU.Build.0 = Release|Any CPU
		{9A43D7D4-B733-4312-8438-AA389E43A7E0}.Debug|Any CPU.ActiveCfg = Debug|Any CPU
		{9A43D7D4-B733-4312-8438-AA389E43A7E0}.Debug|Any CPU.Build.0 = Debug|Any CPU
		{9A43D7D4-B733-4312-8438-AA389E43A7E0}.Release|Any CPU.ActiveCfg = Release|Any CPU
		{9A43D7D4-B733-4312-8438-AA389E43A7E0}.Release|Any CPU.Build.0 = Release|Any CPU
		{B91CB5FC-E972-4223-8E1E-E9D6B8651766}.Debug|Any CPU.ActiveCfg = Debug|Any CPU
		{B91CB5FC-E972-4223-8E1E-E9D6B8651766}.Debug|Any CPU.Build.0 = Debug|Any CPU
		{B91CB5FC-E972-4223-8E1E-E9D6B8651766}.Release|Any CPU.ActiveCfg = Debug|Any CPU
		{B91CB5FC-E972-4223-8E1E-E9D6B8651766}.Release|Any CPU.Build.0 = Debug|Any CPU
		{CAAB69F1-CA1D-44E2-9923-EF31918BDA12}.Debug|Any CPU.ActiveCfg = Debug|Any CPU
		{CAAB69F1-CA1D-44E2-9923-EF31918BDA12}.Debug|Any CPU.Build.0 = Debug|Any CPU
		{CAAB69F1-CA1D-44E2-9923-EF31918BDA12}.Release|Any CPU.ActiveCfg = Release|Any CPU
		{CAAB69F1-CA1D-44E2-9923-EF31918BDA12}.Release|Any CPU.Build.0 = Release|Any CPU
		{7D43B08E-F4DB-4DB1-9D21-3A85917B7B43}.Debug|Any CPU.ActiveCfg = Debug|Any CPU
		{7D43B08E-F4DB-4DB1-9D21-3A85917B7B43}.Debug|Any CPU.Build.0 = Debug|Any CPU
		{7D43B08E-F4DB-4DB1-9D21-3A85917B7B43}.Release|Any CPU.ActiveCfg = Release|Any CPU
		{7D43B08E-F4DB-4DB1-9D21-3A85917B7B43}.Release|Any CPU.Build.0 = Release|Any CPU
		{FDEA8A9E-D3A3-4404-895D-30B549D19295}.Debug|Any CPU.ActiveCfg = Debug|Any CPU
		{FDEA8A9E-D3A3-4404-895D-30B549D19295}.Debug|Any CPU.Build.0 = Debug|Any CPU
		{FDEA8A9E-D3A3-4404-895D-30B549D19295}.Release|Any CPU.ActiveCfg = Release|Any CPU
		{FDEA8A9E-D3A3-4404-895D-30B549D19295}.Release|Any CPU.Build.0 = Release|Any CPU
		{3DF81CA6-890B-49EE-9E48-DAB2CB04B531}.Debug|Any CPU.ActiveCfg = Debug|Any CPU
		{3DF81CA6-890B-49EE-9E48-DAB2CB04B531}.Debug|Any CPU.Build.0 = Debug|Any CPU
		{3DF81CA6-890B-49EE-9E48-DAB2CB04B531}.Release|Any CPU.ActiveCfg = Release|Any CPU
		{3DF81CA6-890B-49EE-9E48-DAB2CB04B531}.Release|Any CPU.Build.0 = Release|Any CPU
		{DD4ABBE6-092A-4828-B50E-1EEEB69152CA}.Debug|Any CPU.ActiveCfg = Debug|Any CPU
		{DD4ABBE6-092A-4828-B50E-1EEEB69152CA}.Debug|Any CPU.Build.0 = Debug|Any CPU
		{DD4ABBE6-092A-4828-B50E-1EEEB69152CA}.Release|Any CPU.ActiveCfg = Release|Any CPU
		{DD4ABBE6-092A-4828-B50E-1EEEB69152CA}.Release|Any CPU.Build.0 = Release|Any CPU
		{547FF752-01C8-407D-AF1F-4A3A53A192B6}.Debug|Any CPU.ActiveCfg = Debug|Any CPU
		{547FF752-01C8-407D-AF1F-4A3A53A192B6}.Debug|Any CPU.Build.0 = Debug|Any CPU
		{547FF752-01C8-407D-AF1F-4A3A53A192B6}.Release|Any CPU.ActiveCfg = Release|Any CPU
		{547FF752-01C8-407D-AF1F-4A3A53A192B6}.Release|Any CPU.Build.0 = Release|Any CPU
		{84012553-8688-4F4E-9848-A7BC742C1FEC}.Debug|Any CPU.ActiveCfg = Debug|Any CPU
		{84012553-8688-4F4E-9848-A7BC742C1FEC}.Debug|Any CPU.Build.0 = Debug|Any CPU
		{84012553-8688-4F4E-9848-A7BC742C1FEC}.Release|Any CPU.ActiveCfg = Release|Any CPU
		{84012553-8688-4F4E-9848-A7BC742C1FEC}.Release|Any CPU.Build.0 = Release|Any CPU
		{919CF6C3-0660-433F-9A56-BDDBDDC07410}.Debug|Any CPU.ActiveCfg = Debug|Any CPU
		{919CF6C3-0660-433F-9A56-BDDBDDC07410}.Debug|Any CPU.Build.0 = Debug|Any CPU
		{919CF6C3-0660-433F-9A56-BDDBDDC07410}.Release|Any CPU.ActiveCfg = Debug|Any CPU
		{919CF6C3-0660-433F-9A56-BDDBDDC07410}.Release|Any CPU.Build.0 = Debug|Any CPU
		{1D1190AF-8806-44E3-A0B0-D1A2B327A59E}.Debug|Any CPU.ActiveCfg = Debug|Any CPU
		{1D1190AF-8806-44E3-A0B0-D1A2B327A59E}.Debug|Any CPU.Build.0 = Debug|Any CPU
		{1D1190AF-8806-44E3-A0B0-D1A2B327A59E}.Release|Any CPU.ActiveCfg = Release|Any CPU
		{1D1190AF-8806-44E3-A0B0-D1A2B327A59E}.Release|Any CPU.Build.0 = Release|Any CPU
		{8B1BC842-1635-4DA3-9F0F-09E0072ABFB1}.Debug|Any CPU.ActiveCfg = Debug|Any CPU
		{8B1BC842-1635-4DA3-9F0F-09E0072ABFB1}.Debug|Any CPU.Build.0 = Debug|Any CPU
		{8B1BC842-1635-4DA3-9F0F-09E0072ABFB1}.Release|Any CPU.ActiveCfg = Release|Any CPU
		{8B1BC842-1635-4DA3-9F0F-09E0072ABFB1}.Release|Any CPU.Build.0 = Release|Any CPU
		{A6EC6674-BD98-4FBF-ACFD-BE084F27FD09}.Debug|Any CPU.ActiveCfg = Debug|Any CPU
		{A6EC6674-BD98-4FBF-ACFD-BE084F27FD09}.Debug|Any CPU.Build.0 = Debug|Any CPU
		{A6EC6674-BD98-4FBF-ACFD-BE084F27FD09}.Release|Any CPU.ActiveCfg = Release|Any CPU
		{A6EC6674-BD98-4FBF-ACFD-BE084F27FD09}.Release|Any CPU.Build.0 = Release|Any CPU
		{03825214-6B80-487C-BBD7-A27BB3A4BC91}.Debug|Any CPU.ActiveCfg = Debug|Any CPU
		{03825214-6B80-487C-BBD7-A27BB3A4BC91}.Debug|Any CPU.Build.0 = Debug|Any CPU
		{03825214-6B80-487C-BBD7-A27BB3A4BC91}.Release|Any CPU.ActiveCfg = Release|Any CPU
		{03825214-6B80-487C-BBD7-A27BB3A4BC91}.Release|Any CPU.Build.0 = Release|Any CPU
		{8950C880-C579-4CD5-B535-F7D254E440B9}.Debug|Any CPU.ActiveCfg = Debug|Any CPU
		{8950C880-C579-4CD5-B535-F7D254E440B9}.Debug|Any CPU.Build.0 = Debug|Any CPU
		{8950C880-C579-4CD5-B535-F7D254E440B9}.Release|Any CPU.ActiveCfg = Release|Any CPU
		{8950C880-C579-4CD5-B535-F7D254E440B9}.Release|Any CPU.Build.0 = Release|Any CPU
		{7B077B16-0589-4CE7-836E-BD93F5CF21D1}.Debug|Any CPU.ActiveCfg = Debug|Any CPU
		{7B077B16-0589-4CE7-836E-BD93F5CF21D1}.Debug|Any CPU.Build.0 = Debug|Any CPU
		{7B077B16-0589-4CE7-836E-BD93F5CF21D1}.Release|Any CPU.ActiveCfg = Release|Any CPU
		{7B077B16-0589-4CE7-836E-BD93F5CF21D1}.Release|Any CPU.Build.0 = Release|Any CPU
		{33EED97B-3FE5-4DBA-AD38-7A8FC40B51A0}.Debug|Any CPU.ActiveCfg = Debug|Any CPU
		{33EED97B-3FE5-4DBA-AD38-7A8FC40B51A0}.Debug|Any CPU.Build.0 = Debug|Any CPU
		{33EED97B-3FE5-4DBA-AD38-7A8FC40B51A0}.Release|Any CPU.ActiveCfg = Release|Any CPU
		{33EED97B-3FE5-4DBA-AD38-7A8FC40B51A0}.Release|Any CPU.Build.0 = Release|Any CPU
		{BA1B1F7D-59D5-4FF0-A155-BAE34B76EEF9}.Debug|Any CPU.ActiveCfg = Debug|Any CPU
		{BA1B1F7D-59D5-4FF0-A155-BAE34B76EEF9}.Debug|Any CPU.Build.0 = Debug|Any CPU
		{BA1B1F7D-59D5-4FF0-A155-BAE34B76EEF9}.Release|Any CPU.ActiveCfg = Release|Any CPU
		{BA1B1F7D-59D5-4FF0-A155-BAE34B76EEF9}.Release|Any CPU.Build.0 = Release|Any CPU
		{46C44347-072B-4F0B-A0E3-C005A1D8F7AB}.Debug|Any CPU.ActiveCfg = Debug|Any CPU
		{46C44347-072B-4F0B-A0E3-C005A1D8F7AB}.Debug|Any CPU.Build.0 = Debug|Any CPU
		{46C44347-072B-4F0B-A0E3-C005A1D8F7AB}.Release|Any CPU.ActiveCfg = Release|Any CPU
		{46C44347-072B-4F0B-A0E3-C005A1D8F7AB}.Release|Any CPU.Build.0 = Release|Any CPU
		{59B85153-78D6-4ED9-B1A7-E59F35CC0399}.Debug|Any CPU.ActiveCfg = Debug|Any CPU
		{59B85153-78D6-4ED9-B1A7-E59F35CC0399}.Debug|Any CPU.Build.0 = Debug|Any CPU
		{59B85153-78D6-4ED9-B1A7-E59F35CC0399}.Release|Any CPU.ActiveCfg = Release|Any CPU
		{59B85153-78D6-4ED9-B1A7-E59F35CC0399}.Release|Any CPU.Build.0 = Release|Any CPU
		{46A41DEF-4EAE-4714-AE4C-51AB8358F150}.Debug|Any CPU.ActiveCfg = Debug|Any CPU
		{46A41DEF-4EAE-4714-AE4C-51AB8358F150}.Debug|Any CPU.Build.0 = Debug|Any CPU
		{46A41DEF-4EAE-4714-AE4C-51AB8358F150}.Release|Any CPU.ActiveCfg = Release|Any CPU
		{46A41DEF-4EAE-4714-AE4C-51AB8358F150}.Release|Any CPU.Build.0 = Release|Any CPU
		{87EE2A3F-508F-4CFF-BF92-3A02B3E81207}.Debug|Any CPU.ActiveCfg = Debug|Any CPU
		{87EE2A3F-508F-4CFF-BF92-3A02B3E81207}.Debug|Any CPU.Build.0 = Debug|Any CPU
		{87EE2A3F-508F-4CFF-BF92-3A02B3E81207}.Release|Any CPU.ActiveCfg = Release|Any CPU
		{87EE2A3F-508F-4CFF-BF92-3A02B3E81207}.Release|Any CPU.Build.0 = Release|Any CPU
	EndGlobalSection
	GlobalSection(SolutionProperties) = preSolution
		HideSolutionNode = FALSE
	EndGlobalSection
	GlobalSection(NestedProjects) = preSolution
		{8950C880-C579-4CD5-B535-F7D254E440B9} = {FC0FE182-E200-4B41-B565-59DA7F311908}
		{7B077B16-0589-4CE7-836E-BD93F5CF21D1} = {FC0FE182-E200-4B41-B565-59DA7F311908}
		{33EED97B-3FE5-4DBA-AD38-7A8FC40B51A0} = {FC0FE182-E200-4B41-B565-59DA7F311908}
		{BA1B1F7D-59D5-4FF0-A155-BAE34B76EEF9} = {FC0FE182-E200-4B41-B565-59DA7F311908}
		{46C44347-072B-4F0B-A0E3-C005A1D8F7AB} = {3E024210-B42E-4604-87D1-D5012716A3D7}
		{59B85153-78D6-4ED9-B1A7-E59F35CC0399} = {3E024210-B42E-4604-87D1-D5012716A3D7}
		{46A41DEF-4EAE-4714-AE4C-51AB8358F150} = {3E024210-B42E-4604-87D1-D5012716A3D7}
		{87EE2A3F-508F-4CFF-BF92-3A02B3E81207} = {3E024210-B42E-4604-87D1-D5012716A3D7}
	EndGlobalSection
EndGlobal
