
Microsoft Visual Studio Solution File, Format Version 12.00
# Visual Studio 2013
VisualStudioVersion = 12.0.21005.1
MinimumVisualStudioVersion = 10.0.40219.1
Project("{FAE04EC0-301F-11D3-BF4B-00C04F79EFBC}") = "Contracts", "Contracts\Contracts.csproj", "{38249E27-3A07-4BDD-9F61-722BF85B6F2E}"
EndProject
Project("{FAE04EC0-301F-11D3-BF4B-00C04F79EFBC}") = "Services", "Services\Services.csproj", "{C7BD71C8-AA2E-4903-B4B4-A94EC5865CA3}"
EndProject
Project("{FAE04EC0-301F-11D3-BF4B-00C04F79EFBC}") = "Hosting", "Hosting\Hosting.csproj", "{C5D734D7-77DE-4B28-A695-8B903CABC724}"
EndProject
Project("{FAE04EC0-301F-11D3-BF4B-00C04F79EFBC}") = "Client", "Client\Client.csproj", "{9A43D7D4-B733-4312-8438-AA389E43A7E0}"
EndProject
Project("{E24C65DC-7377-472B-9ABA-BC803B73C61A}") = "WCFService", "http://localhost:49804", "{B91CB5FC-E972-4223-8E1E-E9D6B8651766}"
	ProjectSection(WebsiteProperties) = preProject
		UseIISExpress = "true"
		TargetFrameworkMoniker = ".NETFramework,Version%3Dv4.5"
		ProjectReferences = "{c7bd71c8-aa2e-4903-b4b4-a94ec5865ca3}|Services.dll;{38249E27-3A07-4BDD-9F61-722BF85B6F2E}|Contracts.dll;"
		Debug.AspNetCompiler.VirtualPath = "/localhost_49804"
		Debug.AspNetCompiler.PhysicalPath = "WCFService\"
		Debug.AspNetCompiler.TargetPath = "PrecompiledWeb\localhost_49804\"
		Debug.AspNetCompiler.Updateable = "true"
		Debug.AspNetCompiler.ForceOverwrite = "true"
		Debug.AspNetCompiler.FixedNames = "false"
		Debug.AspNetCompiler.Debug = "True"
		Release.AspNetCompiler.VirtualPath = "/localhost_49804"
		Release.AspNetCompiler.PhysicalPath = "WCFService\"
		Release.AspNetCompiler.TargetPath = "PrecompiledWeb\localhost_49804\"
		Release.AspNetCompiler.Updateable = "true"
		Release.AspNetCompiler.ForceOverwrite = "true"
		Release.AspNetCompiler.FixedNames = "false"
		Release.AspNetCompiler.Debug = "False"
		SlnRelativePath = "WCFService\"
		DefaultWebSiteLanguage = "Visual C#"
	EndProjectSection
EndProject
Project("{FAE04EC0-301F-11D3-BF4B-00C04F79EFBC}") = "WCFSerialization", "WCFSerialization\WCFSerialization.csproj", "{CAAB69F1-CA1D-44E2-9923-EF31918BDA12}"
EndProject
Project("{FAE04EC0-301F-11D3-BF4B-00C04F79EFBC}") = "OverloadableContract.Client", "OverloadableContract.Client\OverloadableContract.Client.csproj", "{7D43B08E-F4DB-4DB1-9D21-3A85917B7B43}"
EndProject
Project("{FAE04EC0-301F-11D3-BF4B-00C04F79EFBC}") = "OverloadableContract.Hosting", "OverloadableContract.Hosting\OverloadableContract.Hosting.csproj", "{FDEA8A9E-D3A3-4404-895D-30B549D19295}"
EndProject
Project("{FAE04EC0-301F-11D3-BF4B-00C04F79EFBC}") = "OverloadableContract.Service", "OverloadableContract.Service\OverloadableContract.Service.csproj", "{3DF81CA6-890B-49EE-9E48-DAB2CB04B531}"
EndProject
Project("{FAE04EC0-301F-11D3-BF4B-00C04F79EFBC}") = "InheritanceHierarchy.BusinessEntity", "InheritanceHierarchy.BusinessEntity\InheritanceHierarchy.BusinessEntity.csproj", "{DD4ABBE6-092A-4828-B50E-1EEEB69152CA}"
EndProject
Project("{FAE04EC0-301F-11D3-BF4B-00C04F79EFBC}") = "InheritanceHierarchy.Client", "InheritanceHierarchy.Client\InheritanceHierarchy.Client.csproj", "{547FF752-01C8-407D-AF1F-4A3A53A192B6}"
	ProjectSection(ProjectDependencies) = postProject
		{919CF6C3-0660-433F-9A56-BDDBDDC07410} = {919CF6C3-0660-433F-9A56-BDDBDDC07410}
	EndProjectSection
EndProject
Project("{FAE04EC0-301F-11D3-BF4B-00C04F79EFBC}") = "InheritanceHierarchy.Service", "InheritanceHierarchy.Service\InheritanceHierarchy.Service.csproj", "{84012553-8688-4F4E-9848-A7BC742C1FEC}"
EndProject
Project("{E24C65DC-7377-472B-9ABA-BC803B73C61A}") = "InheritanceHierarchy", "http://localhost:10791", "{919CF6C3-0660-433F-9A56-BDDBDDC07410}"
	ProjectSection(WebsiteProperties) = preProject
		UseIISExpress = "true"
		TargetFrameworkMoniker = ".NETFramework,Version%3Dv4.5"
		ProjectReferences = "{84012553-8688-4f4e-9848-a7bc742c1fec}|InheritanceHierarchy.Service.dll;{DD4ABBE6-092A-4828-B50E-1EEEB69152CA}|InheritanceHierarchy.BusinessEntity.dll;"
		Debug.AspNetCompiler.VirtualPath = "/localhost_10791"
		Debug.AspNetCompiler.PhysicalPath = "InheritanceHierarchy\"
		Debug.AspNetCompiler.TargetPath = "PrecompiledWeb\localhost_10791\"
		Debug.AspNetCompiler.Updateable = "true"
		Debug.AspNetCompiler.ForceOverwrite = "true"
		Debug.AspNetCompiler.FixedNames = "false"
		Debug.AspNetCompiler.Debug = "True"
		Release.AspNetCompiler.VirtualPath = "/localhost_10791"
		Release.AspNetCompiler.PhysicalPath = "InheritanceHierarchy\"
		Release.AspNetCompiler.TargetPath = "PrecompiledWeb\localhost_10791\"
		Release.AspNetCompiler.Updateable = "true"
		Release.AspNetCompiler.ForceOverwrite = "true"
		Release.AspNetCompiler.FixedNames = "false"
		Release.AspNetCompiler.Debug = "False"
		SlnRelativePath = "InheritanceHierarchy\"
		DefaultWebSiteLanguage = "Visual C#"
	EndProjectSection
EndProject
Global
	GlobalSection(SolutionConfigurationPlatforms) = preSolution
		Debug|Any CPU = Debug|Any CPU
		Release|Any CPU = Release|Any CPU
	EndGlobalSection
	GlobalSection(ProjectConfigurationPlatforms) = postSolution
		{38249E27-3A07-4BDD-9F61-722BF85B6F2E}.Debug|Any CPU.ActiveCfg = Debug|Any CPU
		{38249E27-3A07-4BDD-9F61-722BF85B6F2E}.Debug|Any CPU.Build.0 = Debug|Any CPU
		{38249E27-3A07-4BDD-9F61-722BF85B6F2E}.Release|Any CPU.ActiveCfg = Release|Any CPU
		{38249E27-3A07-4BDD-9F61-722BF85B6F2E}.Release|Any CPU.Build.0 = Release|Any CPU
		{C7BD71C8-AA2E-4903-B4B4-A94EC5865CA3}.Debug|Any CPU.ActiveCfg = Debug|Any CPU
		{C7BD71C8-AA2E-4903-B4B4-A94EC5865CA3}.Debug|Any CPU.Build.0 = Debug|Any CPU
		{C7BD71C8-AA2E-4903-B4B4-A94EC5865CA3}.Release|Any CPU.ActiveCfg = Release|Any CPU
		{C7BD71C8-AA2E-4903-B4B4-A94EC5865CA3}.Release|Any CPU.Build.0 = Release|Any CPU
		{C5D734D7-77DE-4B28-A695-8B903CABC724}.Debug|Any CPU.ActiveCfg = Debug|Any CPU
		{C5D734D7-77DE-4B28-A695-8B903CABC724}.Debug|Any CPU.Build.0 = Debug|Any CPU
		{C5D734D7-77DE-4B28-A695-8B903CABC724}.Release|Any CPU.ActiveCfg = Release|Any CPU
		{C5D734D7-77DE-4B28-A695-8B903CABC724}.Release|Any CPU.Build.0 = Release|Any CPU
		{9A43D7D4-B733-4312-8438-AA389E43A7E0}.Debug|Any CPU.ActiveCfg = Debug|Any CPU
		{9A43D7D4-B733-4312-8438-AA389E43A7E0}.Debug|Any CPU.Build.0 = Debug|Any CPU
		{9A43D7D4-B733-4312-8438-AA389E43A7E0}.Release|Any CPU.ActiveCfg = Release|Any CPU
		{9A43D7D4-B733-4312-8438-AA389E43A7E0}.Release|Any CPU.Build.0 = Release|Any CPU
		{B91CB5FC-E972-4223-8E1E-E9D6B8651766}.Debug|Any CPU.ActiveCfg = Debug|Any CPU
		{B91CB5FC-E972-4223-8E1E-E9D6B8651766}.Debug|Any CPU.Build.0 = Debug|Any CPU
		{B91CB5FC-E972-4223-8E1E-E9D6B8651766}.Release|Any CPU.ActiveCfg = Debug|Any CPU
		{B91CB5FC-E972-4223-8E1E-E9D6B8651766}.Release|Any CPU.Build.0 = Debug|Any CPU
		{CAAB69F1-CA1D-44E2-9923-EF31918BDA12}.Debug|Any CPU.ActiveCfg = Debug|Any CPU
		{CAAB69F1-CA1D-44E2-9923-EF31918BDA12}.Debug|Any CPU.Build.0 = Debug|Any CPU
		{CAAB69F1-CA1D-44E2-9923-EF31918BDA12}.Release|Any CPU.ActiveCfg = Release|Any CPU
		{CAAB69F1-CA1D-44E2-9923-EF31918BDA12}.Release|Any CPU.Build.0 = Release|Any CPU
		{7D43B08E-F4DB-4DB1-9D21-3A85917B7B43}.Debug|Any CPU.ActiveCfg = Debug|Any CPU
		{7D43B08E-F4DB-4DB1-9D21-3A85917B7B43}.Debug|Any CPU.Build.0 = Debug|Any CPU
		{7D43B08E-F4DB-4DB1-9D21-3A85917B7B43}.Release|Any CPU.ActiveCfg = Release|Any CPU
		{7D43B08E-F4DB-4DB1-9D21-3A85917B7B43}.Release|Any CPU.Build.0 = Release|Any CPU
		{FDEA8A9E-D3A3-4404-895D-30B549D19295}.Debug|Any CPU.ActiveCfg = Debug|Any CPU
		{FDEA8A9E-D3A3-4404-895D-30B549D19295}.Debug|Any CPU.Build.0 = Debug|Any CPU
		{FDEA8A9E-D3A3-4404-895D-30B549D19295}.Release|Any CPU.ActiveCfg = Release|Any CPU
		{FDEA8A9E-D3A3-4404-895D-30B549D19295}.Release|Any CPU.Build.0 = Release|Any CPU
		{3DF81CA6-890B-49EE-9E48-DAB2CB04B531}.Debug|Any CPU.ActiveCfg = Debug|Any CPU
		{3DF81CA6-890B-49EE-9E48-DAB2CB04B531}.Debug|Any CPU.Build.0 = Debug|Any CPU
		{3DF81CA6-890B-49EE-9E48-DAB2CB04B531}.Release|Any CPU.ActiveCfg = Release|Any CPU
		{3DF81CA6-890B-49EE-9E48-DAB2CB04B531}.Release|Any CPU.Build.0 = Release|Any CPU
		{DD4ABBE6-092A-4828-B50E-1EEEB69152CA}.Debug|Any CPU.ActiveCfg = Debug|Any CPU
		{DD4ABBE6-092A-4828-B50E-1EEEB69152CA}.Debug|Any CPU.Build.0 = Debug|Any CPU
		{DD4ABBE6-092A-4828-B50E-1EEEB69152CA}.Release|Any CPU.ActiveCfg = Release|Any CPU
		{DD4ABBE6-092A-4828-B50E-1EEEB69152CA}.Release|Any CPU.Build.0 = Release|Any CPU
		{547FF752-01C8-407D-AF1F-4A3A53A192B6}.Debug|Any CPU.ActiveCfg = Debug|Any CPU
		{547FF752-01C8-407D-AF1F-4A3A53A192B6}.Debug|Any CPU.Build.0 = Debug|Any CPU
		{547FF752-01C8-407D-AF1F-4A3A53A192B6}.Release|Any CPU.ActiveCfg = Release|Any CPU
		{547FF752-01C8-407D-AF1F-4A3A53A192B6}.Release|Any CPU.Build.0 = Release|Any CPU
		{84012553-8688-4F4E-9848-A7BC742C1FEC}.Debug|Any CPU.ActiveCfg = Debug|Any CPU
		{84012553-8688-4F4E-9848-A7BC742C1FEC}.Debug|Any CPU.Build.0 = Debug|Any CPU
		{84012553-8688-4F4E-9848-A7BC742C1FEC}.Release|Any CPU.ActiveCfg = Release|Any CPU
		{84012553-8688-4F4E-9848-A7BC742C1FEC}.Release|Any CPU.Build.0 = Release|Any CPU
		{919CF6C3-0660-433F-9A56-BDDBDDC07410}.Debug|Any CPU.ActiveCfg = Debug|Any CPU
		{919CF6C3-0660-433F-9A56-BDDBDDC07410}.Debug|Any CPU.Build.0 = Debug|Any CPU
		{919CF6C3-0660-433F-9A56-BDDBDDC07410}.Release|Any CPU.ActiveCfg = Debug|Any CPU
		{919CF6C3-0660-433F-9A56-BDDBDDC07410}.Release|Any CPU.Build.0 = Debug|Any CPU
	EndGlobalSection
	GlobalSection(SolutionProperties) = preSolution
		HideSolutionNode = FALSE
	EndGlobalSection
EndGlobal
